
Microsoft Visual Studio Solution File, Format Version 12.00
# Visual Studio Version 18
VisualStudioVersion = 18.4.11626.88
MinimumVisualStudioVersion = 10.0.40219.1
Project("{2150E333-8FDC-42A3-9474-1A3956D46DE8}") = "src", "src", "{D95951C7-4A05-4729-8DE9-B87A4F3D686A}"
EndProject
Project("{2150E333-8FDC-42A3-9474-1A3956D46DE8}") = "AuthService", "AuthService", "{D03EFA76-E947-4016-97E6-5DB5CEC6AA44}"
EndProject
Project("{2150E333-8FDC-42A3-9474-1A3956D46DE8}") = "NotificationService", "NotificationService", "{A199D52E-8741-45F3-ABCB-CE62F3B4829F}"
EndProject
Project("{2150E333-8FDC-42A3-9474-1A3956D46DE8}") = "AnalyticsService", "AnalyticsService", "{778FDF47-9C45-48F9-9DEF-561B9328E31E}"
EndProject
Project("{2150E333-8FDC-42A3-9474-1A3956D46DE8}") = "Solution Items", "Solution Items", "{D7ABD93A-828B-4323-A4C1-5C25247DA6AC}"
	ProjectSection(SolutionItems) = preProject
		compose.yaml = compose.yaml
		Directory.Build.props = Directory.Build.props
		Directory.Packages.props = Directory.Packages.props
		NuGet.config = NuGet.config
	EndProjectSection
EndProject
Project("{2150E333-8FDC-42A3-9474-1A3956D46DE8}") = "Shared", "Shared", "{78AFA3DF-F06F-406F-859F-552B1A6B45F7}"
EndProject
Project("{FAE04EC0-301F-11D3-BF4B-00C04F79EFBC}") = "AuthService.Api", "src\AuthService\AuthService.Api\AuthService.Api.csproj", "{1F4DDABB-85D6-4AC0-ABBE-F14E94EACBAC}"
EndProject
Project("{FAE04EC0-301F-11D3-BF4B-00C04F79EFBC}") = "AuthService.Application", "src\AuthService\AuthService.Application\AuthService.Application.csproj", "{0218C6A5-E179-4B31-95A4-49A0E3DCD5FB}"
EndProject
Project("{2150E333-8FDC-42A3-9474-1A3956D46DE8}") = "TrainingService", "TrainingService", "{8FB51E4E-BC28-451D-A2E2-C5D8BCA2D831}"
EndProject
Project("{FAE04EC0-301F-11D3-BF4B-00C04F79EFBC}") = "AnalyticsService.Api", "src\AnalyticsService\AnalyticsService.Api\AnalyticsService.Api.csproj", "{67C19008-C674-45C7-91DF-70EFA1C374CF}"
EndProject
Project("{FAE04EC0-301F-11D3-BF4B-00C04F79EFBC}") = "AnalyticsService.Application", "src\AnalyticsService\AnalyticsService.Application\AnalyticsService.Application.csproj", "{D3631310-1A4F-45B7-A243-B8F28D8076B3}"
EndProject
Project("{FAE04EC0-301F-11D3-BF4B-00C04F79EFBC}") = "AnalyticsService.Domain", "src\AnalyticsService\AnalyticsService.Domain\AnalyticsService.Domain.csproj", "{EC35F150-0014-404B-8558-0A03B060C925}"
EndProject
Project("{FAE04EC0-301F-11D3-BF4B-00C04F79EFBC}") = "AnalyticsService.Infrastructure", "src\AnalyticsService\AnalyticsService.Infrastructure\AnalyticsService.Infrastructure.csproj", "{8996875B-4EE1-4F8F-A465-CCFA8FBED631}"
EndProject
Project("{FAE04EC0-301F-11D3-BF4B-00C04F79EFBC}") = "AuthService.Domain", "src\AuthService\AuthService.Domain\AuthService.Domain.csproj", "{A21B5ED5-1B44-4015-9C2E-15ACF3A2FE3D}"
EndProject
Project("{FAE04EC0-301F-11D3-BF4B-00C04F79EFBC}") = "AuthService.Infrastructure", "src\AuthService\AuthService.Infrastructure\AuthService.Infrastructure.csproj", "{81732103-AF59-4B2C-A7CD-C1A06E579251}"
EndProject
Project("{FAE04EC0-301F-11D3-BF4B-00C04F79EFBC}") = "NotificationService.Api", "src\NotificationService\NotificationService.Api\NotificationService.Api.csproj", "{F6A5EAEB-7121-415F-9B74-6EFAB249CE2B}"
EndProject
Project("{FAE04EC0-301F-11D3-BF4B-00C04F79EFBC}") = "NotificationService.Application", "src\NotificationService\NotificationService.Application\NotificationService.Application.csproj", "{CEF5C01E-2B1E-4A45-A86C-2D33FEC39D1B}"
EndProject
Project("{FAE04EC0-301F-11D3-BF4B-00C04F79EFBC}") = "NotificationService.Domain", "src\NotificationService\NotificationService.Domain\NotificationService.Domain.csproj", "{D37BB74D-CD78-4A99-B7B5-E9A837EFF2C8}"
EndProject
Project("{FAE04EC0-301F-11D3-BF4B-00C04F79EFBC}") = "NotificationService.Infrastructure", "src\NotificationService\NotificationService.Infrastructure\NotificationService.Infrastructure.csproj", "{24688949-0EAA-4A56-AC6E-6DA790C74DF9}"
EndProject
Project("{FAE04EC0-301F-11D3-BF4B-00C04F79EFBC}") = "Shared.Abstractions", "src\Shared\Shared.Abstractions\Shared.Abstractions.csproj", "{599871C8-BA30-45EA-8BF8-55017F3AFE03}"
EndProject
Project("{FAE04EC0-301F-11D3-BF4B-00C04F79EFBC}") = "Shared.Contracts", "src\Shared\Shared.Contracts\Shared.Contracts.csproj", "{629DCEC3-737F-4C59-89AF-0F29F1CCD7FD}"
EndProject
Project("{FAE04EC0-301F-11D3-BF4B-00C04F79EFBC}") = "Shared.Kernal", "src\Shared\Shared.Kernal\Shared.Kernal.csproj", "{F5F84543-63A6-48C8-8BED-F12822D42199}"
EndProject
Project("{FAE04EC0-301F-11D3-BF4B-00C04F79EFBC}") = "TrainingService.Api", "src\TrainingService\TrainingService.Api\TrainingService.Api.csproj", "{7E24BBA9-4FD3-410D-8ADE-DE8741239C3D}"
EndProject
Project("{FAE04EC0-301F-11D3-BF4B-00C04F79EFBC}") = "TrainingService.Application", "src\TrainingService\TrainingService.Application\TrainingService.Application.csproj", "{55970F85-0EAE-4314-8E69-42683A0EFF8F}"
EndProject
Project("{FAE04EC0-301F-11D3-BF4B-00C04F79EFBC}") = "TrainingService.Domain", "src\TrainingService\TrainingService.Domain\TrainingService.Domain.csproj", "{E1963A17-5F1A-47BD-B106-10D8FAC697B8}"
EndProject
Project("{FAE04EC0-301F-11D3-BF4B-00C04F79EFBC}") = "TrainingService.Infrastructure", "src\TrainingService\TrainingService.Infrastructure\TrainingService.Infrastructure.csproj", "{E0BB59B5-50CF-4BE2-9A55-9A97A7F5DCB8}"
EndProject
Project("{FAE04EC0-301F-11D3-BF4B-00C04F79EFBC}") = "Shared.Api", "src\Shared\Shared.Api\Shared.Api.csproj", "{B420C8B9-A317-4BC9-B5D7-0FD9E8A975B1}"
EndProject
Project("{FAE04EC0-301F-11D3-BF4B-00C04F79EFBC}") = "Shared.OpenTelemetry", "src\Shared\Shared.OpenTelemetry\Shared.OpenTelemetry.csproj", "{A7631126-3889-4125-8DCD-4DF2AFC5C8F8}"
EndProject
Project("{FAE04EC0-301F-11D3-BF4B-00C04F79EFBC}") = "Shared.Infrastructure", "src\Shared\Shared.Infrastructure\Shared.Infrastructure.csproj", "{48DFA014-A82D-437E-8C77-634989A3370D}"
EndProject
Project("{FAE04EC0-301F-11D3-BF4B-00C04F79EFBC}") = "Shared.Auth", "src\Shared\Shared.Auth\Shared.Auth.csproj", "{1D8A8333-65B7-424C-979F-EECC75C667F7}"
EndProject
Project("{FAE04EC0-301F-11D3-BF4B-00C04F79EFBC}") = "Shared.Saga", "src\Shared\Shared.Saga\Shared.Saga.csproj", "{5F616324-E957-4EB1-872C-A6C5C6CCAB81}"
EndProject
Project("{2150E333-8FDC-42A3-9474-1A3956D46DE8}") = "Bff", "Bff", "{13038501-F5E3-9813-86F6-E6E8C6A56A52}"
EndProject
Project("{FAE04EC0-301F-11D3-BF4B-00C04F79EFBC}") = "Bff.Api", "src\Bff\Bff.Api\Bff.Api.csproj", "{F768EE3D-0C0C-4CF0-B9E8-83F413C36BBC}"
EndProject
Project("{FAE04EC0-301F-11D3-BF4B-00C04F79EFBC}") = "Bff.Domain", "src\Bff\Bff.Domain\Bff.Domain.csproj", "{B8439429-3CFE-49A6-B17F-A88550EECB3E}"
EndProject
Project("{FAE04EC0-301F-11D3-BF4B-00C04F79EFBC}") = "Bff.Application", "src\Bff\Bff.Application\Bff.Application.csproj", "{FED07881-0CC8-439E-8EDE-6257B0A56226}"
EndProject
Project("{FAE04EC0-301F-11D3-BF4B-00C04F79EFBC}") = "Bff.Infrastructure", "src\Bff\Bff.Infrastructure\Bff.Infrastructure.csproj", "{753EC4E8-8960-4D4E-B357-9FD4675501EF}"
EndProject
Project("{FAE04EC0-301F-11D3-BF4B-00C04F79EFBC}") = "Shared.Grpc.Contracts", "src\Shared\Shared.Grpc.Contracts\Shared.Grpc.Contracts.csproj", "{DC8E07E6-7DB0-4662-94B7-9FEFE99FAFF9}"
EndProject
Project("{FAE04EC0-301F-11D3-BF4B-00C04F79EFBC}") = "Shared.Caching", "src\Shared\Shared.Caching\Shared.Caching.csproj", "{7A514102-D228-45F9-8143-A8CD697AC0CA}"
EndProject
Project("{FAE04EC0-301F-11D3-BF4B-00C04F79EFBC}") = "Shared.Application", "src\Shared\Shared.Application\Shared.Application.csproj", "{BE4E49E3-0182-490D-0D67-0321D3C7A77B}"
EndProject
Project("{2150E333-8FDC-42A3-9474-1A3956D46DE8}") = "AiChatService", "AiChatService", "{6B9C41E7-ADD2-36A6-ED57-2E274FAC7CEB}"
EndProject
Project("{FAE04EC0-301F-11D3-BF4B-00C04F79EFBC}") = "AiChatService.Domain", "src\AiChatService\AiChatService.Domain\AiChatService.Domain.csproj", "{154AA5F1-C1E5-4BE4-83A5-FA37EB88544D}"
EndProject
Project("{FAE04EC0-301F-11D3-BF4B-00C04F79EFBC}") = "AiChatService.Application", "src\AiChatService\AiChatService.Application\AiChatService.Application.csproj", "{296205DA-013F-4566-A576-2FCE725253F3}"
EndProject
Project("{FAE04EC0-301F-11D3-BF4B-00C04F79EFBC}") = "AiChatService.Infrastructure", "src\AiChatService\AiChatService.Infrastructure\AiChatService.Infrastructure.csproj", "{B757CD6C-9DC8-40AB-96F2-D87697855E29}"
EndProject
Project("{FAE04EC0-301F-11D3-BF4B-00C04F79EFBC}") = "AiChatService.Api", "src\AiChatService\AiChatService.Api\AiChatService.Api.csproj", "{7D9C44FB-4DED-4AA2-8064-FEBA73A871E1}"
EndProject
Project("{2150E333-8FDC-42A3-9474-1A3956D46DE8}") = "tests", "tests", "{0AB3BF05-4346-4AA6-1389-037BE0695223}"
EndProject
Project("{2150E333-8FDC-42A3-9474-1A3956D46DE8}") = "AuthService.Tests", "AuthService.Tests", "{E06C81B4-7215-F21A-84B6-DBE5F2E50390}"
EndProject
Project("{FAE04EC0-301F-11D3-BF4B-00C04F79EFBC}") = "AuthService.Api.Integration", "tests\AuthService.Tests\AuthService.Api.Integration\AuthService.Api.Integration.csproj", "{72FD22BC-B029-4D71-A385-C80F16FB5B25}"
EndProject
Project("{FAE04EC0-301F-11D3-BF4B-00C04F79EFBC}") = "AuthService.Application.Tests", "tests\AuthService.Tests\AuthService.Application.Tests\AuthService.Application.Tests.csproj", "{3B76D2DA-8015-4303-BF39-9A46DCC51540}"
EndProject
Project("{FAE04EC0-301F-11D3-BF4B-00C04F79EFBC}") = "AuthService.Domain.Tests", "tests\AuthService.Tests\AuthService.Domain.Tests\AuthService.Domain.Tests.csproj", "{A7824D4B-DF89-4CF8-9E84-A581856BF090}"
EndProject
Project("{FAE04EC0-301F-11D3-BF4B-00C04F79EFBC}") = "AuthService.Infrastructure.Tests", "tests\AuthService.Tests\AuthService.Infrastructure.Tests\AuthService.Infrastructure.Tests.csproj", "{A94D34AC-D6E3-473B-B693-CE9B982554D2}"
EndProject
Project("{2150E333-8FDC-42A3-9474-1A3956D46DE8}") = "Bff.Tests", "Bff.Tests", "{84603207-9693-E345-0AE1-B6E19CC18FA3}"
EndProject
Project("{FAE04EC0-301F-11D3-BF4B-00C04F79EFBC}") = "Bff.Api.Integration", "tests\Bff.Tests\Bff.Api.Integration\Bff.Api.Integration.csproj", "{E54CD51F-3326-471C-9C06-5D198A5F837F}"
EndProject
Project("{FAE04EC0-301F-11D3-BF4B-00C04F79EFBC}") = "Bff.Application.Tests", "tests\Bff.Tests\Bff.Application.Tests\Bff.Application.Tests.csproj", "{2F4C5C7A-426B-4864-9001-73AA4B1E19F7}"
EndProject
Project("{FAE04EC0-301F-11D3-BF4B-00C04F79EFBC}") = "Bff.Domain.Tests", "tests\Bff.Tests\Bff.Domain.Tests\Bff.Domain.Tests.csproj", "{A1970C12-75E5-47D4-A4A1-D4CC42369A0C}"
EndProject
Project("{FAE04EC0-301F-11D3-BF4B-00C04F79EFBC}") = "Bff.Infrastructure.Tests", "tests\Bff.Tests\Bff.Infrastructure.Tests\Bff.Infrastructure.Tests.csproj", "{9A4CA371-DBCD-4BC2-8BB8-4D197E7FDD6C}"
EndProject
Project("{2150E333-8FDC-42A3-9474-1A3956D46DE8}") = "NotificationService.Tests", "NotificationService.Tests", "{BA37B92D-EDF7-84AB-A3F4-B967D2456D05}"
EndProject
Project("{FAE04EC0-301F-11D3-BF4B-00C04F79EFBC}") = "NotificationService.Api.Integration", "tests\NotificationService.Tests\NotificationService.Api.Integration\NotificationService.Api.Integration.csproj", "{F4D4BB91-061F-4207-9D79-293F4A60A299}"
EndProject
Project("{FAE04EC0-301F-11D3-BF4B-00C04F79EFBC}") = "NotificationService.Application.Tests", "tests\NotificationService.Tests\NotificationService.Application.Tests\NotificationService.Application.Tests.csproj", "{2AEC4EEE-B227-43B8-A519-CFEE3C3ABBB9}"
EndProject
Project("{FAE04EC0-301F-11D3-BF4B-00C04F79EFBC}") = "NotificationService.Domain.Tests", "tests\NotificationService.Tests\NotificationService.Domain.Tests\NotificationService.Domain.Tests.csproj", "{E5D4651C-4292-4EC7-8D2B-60E10C0EA271}"
EndProject
Project("{FAE04EC0-301F-11D3-BF4B-00C04F79EFBC}") = "NotificationService.Infrastructure.Tests", "tests\NotificationService.Tests\NotificationService.Infrastructure.Tests\NotificationService.Infrastructure.Tests.csproj", "{8323F4F2-5747-4067-96B6-EE9402A9D13B}"
EndProject
Project("{2150E333-8FDC-42A3-9474-1A3956D46DE8}") = "TrainingService.Tests", "TrainingService.Tests", "{E670B6F7-29ED-71B1-5E9E-1035487F9CD5}"
EndProject
Project("{FAE04EC0-301F-11D3-BF4B-00C04F79EFBC}") = "TrainingService.Api.Integration", "tests\TrainingService.Tests\TrainingService.Api.Integration\TrainingService.Api.Integration.csproj", "{9D9CD05A-9A57-4CC6-8AE1-65E50E95B6C3}"
EndProject
Project("{FAE04EC0-301F-11D3-BF4B-00C04F79EFBC}") = "TrainingService.Application.Tests", "tests\TrainingService.Tests\TrainingService.Application.Tests\TrainingService.Application.Tests.csproj", "{770D4BA4-4005-4F32-8C97-D3FAC59C78A5}"
EndProject
Project("{FAE04EC0-301F-11D3-BF4B-00C04F79EFBC}") = "TrainingService.Domain.Tests", "tests\TrainingService.Tests\TrainingService.Domain.Tests\TrainingService.Domain.Tests.csproj", "{5B8B0DAF-592A-41E4-8223-3D28860DBC25}"
EndProject
Project("{FAE04EC0-301F-11D3-BF4B-00C04F79EFBC}") = "TrainingService.Infrastructure.Tests", "tests\TrainingService.Tests\TrainingService.Infrastructure.Tests\TrainingService.Infrastructure.Tests.csproj", "{F71012BE-D3AE-4808-9DC2-902B8893EB6E}"
EndProject
Project("{2150E333-8FDC-42A3-9474-1A3956D46DE8}") = "AnalyticsService.Tests", "AnalyticsService.Tests", "{A9AA7BF3-C5D7-BA84-06B2-2242E0D2D19B}"
EndProject
Project("{FAE04EC0-301F-11D3-BF4B-00C04F79EFBC}") = "AnalyticsService.Api.Tests", "tests\AnalyticsService.Tests\AnalyticsService.Api.Tests\AnalyticsService.Api.Tests.csproj", "{2C60BB53-985F-4CFA-A3A3-FA3B700A34EC}"
EndProject
Project("{2150E333-8FDC-42A3-9474-1A3956D46DE8}") = "AiChatService.Tests", "AiChatService.Tests", "{3989EA08-B0AD-4006-9808-CF08E5FD6E2A}"
EndProject
Project("{FAE04EC0-301F-11D3-BF4B-00C04F79EFBC}") = "AnalyticsService.Api.Integration", "tests\AnalyticsService.Tests\AnalyticsService.Api.Integration\AnalyticsService.Api.Integration.csproj", "{D4655804-09FE-E6CD-A2B7-DA1AF66489D7}"
EndProject
Project("{FAE04EC0-301F-11D3-BF4B-00C04F79EFBC}") = "AnalyticsService.Application.Tests", "tests\AnalyticsService.Tests\AnalyticsService.Application.Tests\AnalyticsService.Application.Tests.csproj", "{F77DFB1E-45C5-1DCF-6FE3-BE467D9600E6}"
EndProject
Project("{FAE04EC0-301F-11D3-BF4B-00C04F79EFBC}") = "AnalyticsService.Domain.Tests", "tests\AnalyticsService.Tests\AnalyticsService.Domain.Tests\AnalyticsService.Domain.Tests.csproj", "{56357FAF-7E50-38FC-06AF-9B51C7D1D8F3}"
EndProject
Project("{FAE04EC0-301F-11D3-BF4B-00C04F79EFBC}") = "AnalyticsService.Infrastructure.Tests", "tests\AnalyticsService.Tests\AnalyticsService.Infrastructure.Tests\AnalyticsService.Infrastructure.Tests.csproj", "{AC726486-C8BD-E955-8904-B2D4E67D357C}"
EndProject
Project("{FAE04EC0-301F-11D3-BF4B-00C04F79EFBC}") = "AiChatService.Api.Integration", "tests\AiChatService.Tests\AiChatService.Api.Integration\AiChatService.Api.Integration.csproj", "{4576E3AE-3D6F-4736-AF98-40BCCB4DD0C2}"
EndProject
Project("{FAE04EC0-301F-11D3-BF4B-00C04F79EFBC}") = "AiChatService.Api.Tests", "tests\AiChatService.Tests\AiChatService.Api.Tests\AiChatService.Api.Tests.csproj", "{E8E588E9-86BD-47BE-A7F2-253C162AF207}"
EndProject
Project("{FAE04EC0-301F-11D3-BF4B-00C04F79EFBC}") = "AiChatService.Application.Tests", "tests\AiChatService.Tests\AiChatService.Application.Tests\AiChatService.Application.Tests.csproj", "{05EB386F-1F93-4977-94F2-CC41AF5C7D62}"
EndProject
Project("{FAE04EC0-301F-11D3-BF4B-00C04F79EFBC}") = "AiChatService.Domain.Tests", "tests\AiChatService.Tests\AiChatService.Domain.Tests\AiChatService.Domain.Tests.csproj", "{B560F303-3E58-4AF8-A7CC-F786AC0A220D}"
EndProject
Project("{FAE04EC0-301F-11D3-BF4B-00C04F79EFBC}") = "AiChatService.Infrastructure.Tests", "tests\AiChatService.Tests\AiChatService.Infrastructure.Tests\AiChatService.Infrastructure.Tests.csproj", "{87B56B9E-4EEF-40F4-94D3-472B93433747}"
EndProject
Project("{2150E333-8FDC-42A3-9474-1A3956D46DE8}") = "Shared.Tests", "Shared.Tests", "{85B408A9-2BCF-4A21-BB09-F14CE13B46DE}"
EndProject
Project("{FAE04EC0-301F-11D3-BF4B-00C04F79EFBC}") = "Shared.Api.Integration", "tests\Shared.Tests\Shared.Api.Integration\Shared.Api.Integration.csproj", "{F081ED58-5B44-43B0-9385-CDB82BAD1D11}"
EndProject
Project("{FAE04EC0-301F-11D3-BF4B-00C04F79EFBC}") = "Shared.Api.Tests", "tests\Shared.Tests\Shared.Api.Tests\Shared.Api.Tests.csproj", "{1EE55AA6-DC54-478F-828C-1703285FC478}"
EndProject
Project("{FAE04EC0-301F-11D3-BF4B-00C04F79EFBC}") = "Shared.Application.Tests", "tests\Shared.Tests\Shared.Application.Tests\Shared.Application.Tests.csproj", "{552A370D-DB66-46A4-88FD-8F83AE7C28DD}"
EndProject
Project("{FAE04EC0-301F-11D3-BF4B-00C04F79EFBC}") = "Shared.Auth.Tests", "tests\Shared.Tests\Shared.Auth.Tests\Shared.Auth.Tests.csproj", "{BCB87A84-60EB-4DE4-BA9B-2775992ACF82}"
EndProject
Project("{FAE04EC0-301F-11D3-BF4B-00C04F79EFBC}") = "Shared.Caching.Tests", "tests\Shared.Tests\Shared.Caching.Tests\Shared.Caching.Tests.csproj", "{81F9B0B5-72A8-438D-86AE-81C2716D19A4}"
EndProject
Project("{FAE04EC0-301F-11D3-BF4B-00C04F79EFBC}") = "Shared.Infrastructure.Tests", "tests\Shared.Tests\Shared.Infrastructure.Tests\Shared.Infrastructure.Tests.csproj", "{75414AE7-0D87-43E2-8A17-B50FB89839AB}"
EndProject
Project("{FAE04EC0-301F-11D3-BF4B-00C04F79EFBC}") = "Shared.Saga.Tests", "tests\Shared.Tests\Shared.Saga.Tests\Shared.Saga.Tests.csproj", "{F10D459E-77E8-4A44-BA00-2E52AF8EE9B2}"
EndProject
Project("{FAE04EC0-301F-11D3-BF4B-00C04F79EFBC}") = "Shared.OpenTelemetry.Tests", "tests\Shared.Tests\Shared.OpenTelemetry.Tests\Shared.OpenTelemetry.Tests.csproj", "{D318263A-7943-4790-B32C-B28A65B34B3D}"
EndProject
Project("{FAE04EC0-301F-11D3-BF4B-00C04F79EFBC}") = "AuthService.Api.Tests", "tests\AuthService.Tests\AuthService.Api.Tests\AuthService.Api.Tests.csproj", "{4F7FF74F-93E0-4702-A995-A4C81B066245}"
EndProject
Project("{FAE04EC0-301F-11D3-BF4B-00C04F79EFBC}") = "Bff.Api.Tests", "tests\Bff.Tests\Bff.Api.Tests\Bff.Api.Tests.csproj", "{98169D5E-B38E-4B95-94EF-CAB7A276A3D5}"
EndProject
Project("{FAE04EC0-301F-11D3-BF4B-00C04F79EFBC}") = "NotificationService.Api.Tests", "tests\NotificationService.Tests\NotificationService.Api.Tests\NotificationService.Api.Tests.csproj", "{EE30CDA7-93EA-4B2A-A767-BE66417C932C}"
EndProject
Project("{FAE04EC0-301F-11D3-BF4B-00C04F79EFBC}") = "TrainingService.Api.Tests", "tests\TrainingService.Tests\TrainingService.Api.Tests\TrainingService.Api.Tests.csproj", "{832E3451-A25E-41EC-AFF8-8354A588CC6A}"
EndProject
Global
	GlobalSection(SolutionConfigurationPlatforms) = preSolution
		Debug|Any CPU = Debug|Any CPU
		Debug|x64 = Debug|x64
		Debug|x86 = Debug|x86
		Release|Any CPU = Release|Any CPU
		Release|x64 = Release|x64
		Release|x86 = Release|x86
	EndGlobalSection
	GlobalSection(ProjectConfigurationPlatforms) = postSolution
		{1F4DDABB-85D6-4AC0-ABBE-F14E94EACBAC}.Debug|Any CPU.ActiveCfg = Debug|Any CPU
		{1F4DDABB-85D6-4AC0-ABBE-F14E94EACBAC}.Debug|Any CPU.Build.0 = Debug|Any CPU
		{1F4DDABB-85D6-4AC0-ABBE-F14E94EACBAC}.Debug|x64.ActiveCfg = Debug|Any CPU
		{1F4DDABB-85D6-4AC0-ABBE-F14E94EACBAC}.Debug|x64.Build.0 = Debug|Any CPU
		{1F4DDABB-85D6-4AC0-ABBE-F14E94EACBAC}.Debug|x86.ActiveCfg = Debug|Any CPU
		{1F4DDABB-85D6-4AC0-ABBE-F14E94EACBAC}.Debug|x86.Build.0 = Debug|Any CPU
		{1F4DDABB-85D6-4AC0-ABBE-F14E94EACBAC}.Release|Any CPU.ActiveCfg = Release|Any CPU
		{1F4DDABB-85D6-4AC0-ABBE-F14E94EACBAC}.Release|Any CPU.Build.0 = Release|Any CPU
		{1F4DDABB-85D6-4AC0-ABBE-F14E94EACBAC}.Release|x64.ActiveCfg = Release|Any CPU
		{1F4DDABB-85D6-4AC0-ABBE-F14E94EACBAC}.Release|x64.Build.0 = Release|Any CPU
		{1F4DDABB-85D6-4AC0-ABBE-F14E94EACBAC}.Release|x86.ActiveCfg = Release|Any CPU
		{1F4DDABB-85D6-4AC0-ABBE-F14E94EACBAC}.Release|x86.Build.0 = Release|Any CPU
		{0218C6A5-E179-4B31-95A4-49A0E3DCD5FB}.Debug|Any CPU.ActiveCfg = Debug|Any CPU
		{0218C6A5-E179-4B31-95A4-49A0E3DCD5FB}.Debug|Any CPU.Build.0 = Debug|Any CPU
		{0218C6A5-E179-4B31-95A4-49A0E3DCD5FB}.Debug|x64.ActiveCfg = Debug|Any CPU
		{0218C6A5-E179-4B31-95A4-49A0E3DCD5FB}.Debug|x64.Build.0 = Debug|Any CPU
		{0218C6A5-E179-4B31-95A4-49A0E3DCD5FB}.Debug|x86.ActiveCfg = Debug|Any CPU
		{0218C6A5-E179-4B31-95A4-49A0E3DCD5FB}.Debug|x86.Build.0 = Debug|Any CPU
		{0218C6A5-E179-4B31-95A4-49A0E3DCD5FB}.Release|Any CPU.ActiveCfg = Release|Any CPU
		{0218C6A5-E179-4B31-95A4-49A0E3DCD5FB}.Release|Any CPU.Build.0 = Release|Any CPU
		{0218C6A5-E179-4B31-95A4-49A0E3DCD5FB}.Release|x64.ActiveCfg = Release|Any CPU
		{0218C6A5-E179-4B31-95A4-49A0E3DCD5FB}.Release|x64.Build.0 = Release|Any CPU
		{0218C6A5-E179-4B31-95A4-49A0E3DCD5FB}.Release|x86.ActiveCfg = Release|Any CPU
		{0218C6A5-E179-4B31-95A4-49A0E3DCD5FB}.Release|x86.Build.0 = Release|Any CPU
		{67C19008-C674-45C7-91DF-70EFA1C374CF}.Debug|Any CPU.ActiveCfg = Debug|Any CPU
		{67C19008-C674-45C7-91DF-70EFA1C374CF}.Debug|Any CPU.Build.0 = Debug|Any CPU
		{67C19008-C674-45C7-91DF-70EFA1C374CF}.Debug|x64.ActiveCfg = Debug|Any CPU
		{67C19008-C674-45C7-91DF-70EFA1C374CF}.Debug|x64.Build.0 = Debug|Any CPU
		{67C19008-C674-45C7-91DF-70EFA1C374CF}.Debug|x86.ActiveCfg = Debug|Any CPU
		{67C19008-C674-45C7-91DF-70EFA1C374CF}.Debug|x86.Build.0 = Debug|Any CPU
		{67C19008-C674-45C7-91DF-70EFA1C374CF}.Release|Any CPU.ActiveCfg = Release|Any CPU
		{67C19008-C674-45C7-91DF-70EFA1C374CF}.Release|Any CPU.Build.0 = Release|Any CPU
		{67C19008-C674-45C7-91DF-70EFA1C374CF}.Release|x64.ActiveCfg = Release|Any CPU
		{67C19008-C674-45C7-91DF-70EFA1C374CF}.Release|x64.Build.0 = Release|Any CPU
		{67C19008-C674-45C7-91DF-70EFA1C374CF}.Release|x86.ActiveCfg = Release|Any CPU
		{67C19008-C674-45C7-91DF-70EFA1C374CF}.Release|x86.Build.0 = Release|Any CPU
		{D3631310-1A4F-45B7-A243-B8F28D8076B3}.Debug|Any CPU.ActiveCfg = Debug|Any CPU
		{D3631310-1A4F-45B7-A243-B8F28D8076B3}.Debug|Any CPU.Build.0 = Debug|Any CPU
		{D3631310-1A4F-45B7-A243-B8F28D8076B3}.Debug|x64.ActiveCfg = Debug|Any CPU
		{D3631310-1A4F-45B7-A243-B8F28D8076B3}.Debug|x64.Build.0 = Debug|Any CPU
		{D3631310-1A4F-45B7-A243-B8F28D8076B3}.Debug|x86.ActiveCfg = Debug|Any CPU
		{D3631310-1A4F-45B7-A243-B8F28D8076B3}.Debug|x86.Build.0 = Debug|Any CPU
		{D3631310-1A4F-45B7-A243-B8F28D8076B3}.Release|Any CPU.ActiveCfg = Release|Any CPU
		{D3631310-1A4F-45B7-A243-B8F28D8076B3}.Release|Any CPU.Build.0 = Release|Any CPU
		{D3631310-1A4F-45B7-A243-B8F28D8076B3}.Release|x64.ActiveCfg = Release|Any CPU
		{D3631310-1A4F-45B7-A243-B8F28D8076B3}.Release|x64.Build.0 = Release|Any CPU
		{D3631310-1A4F-45B7-A243-B8F28D8076B3}.Release|x86.ActiveCfg = Release|Any CPU
		{D3631310-1A4F-45B7-A243-B8F28D8076B3}.Release|x86.Build.0 = Release|Any CPU
		{EC35F150-0014-404B-8558-0A03B060C925}.Debug|Any CPU.ActiveCfg = Debug|Any CPU
		{EC35F150-0014-404B-8558-0A03B060C925}.Debug|Any CPU.Build.0 = Debug|Any CPU
		{EC35F150-0014-404B-8558-0A03B060C925}.Debug|x64.ActiveCfg = Debug|Any CPU
		{EC35F150-0014-404B-8558-0A03B060C925}.Debug|x64.Build.0 = Debug|Any CPU
		{EC35F150-0014-404B-8558-0A03B060C925}.Debug|x86.ActiveCfg = Debug|Any CPU
		{EC35F150-0014-404B-8558-0A03B060C925}.Debug|x86.Build.0 = Debug|Any CPU
		{EC35F150-0014-404B-8558-0A03B060C925}.Release|Any CPU.ActiveCfg = Release|Any CPU
		{EC35F150-0014-404B-8558-0A03B060C925}.Release|Any CPU.Build.0 = Release|Any CPU
		{EC35F150-0014-404B-8558-0A03B060C925}.Release|x64.ActiveCfg = Release|Any CPU
		{EC35F150-0014-404B-8558-0A03B060C925}.Release|x64.Build.0 = Release|Any CPU
		{EC35F150-0014-404B-8558-0A03B060C925}.Release|x86.ActiveCfg = Release|Any CPU
		{EC35F150-0014-404B-8558-0A03B060C925}.Release|x86.Build.0 = Release|Any CPU
		{8996875B-4EE1-4F8F-A465-CCFA8FBED631}.Debug|Any CPU.ActiveCfg = Debug|Any CPU
		{8996875B-4EE1-4F8F-A465-CCFA8FBED631}.Debug|Any CPU.Build.0 = Debug|Any CPU
		{8996875B-4EE1-4F8F-A465-CCFA8FBED631}.Debug|x64.ActiveCfg = Debug|Any CPU
		{8996875B-4EE1-4F8F-A465-CCFA8FBED631}.Debug|x64.Build.0 = Debug|Any CPU
		{8996875B-4EE1-4F8F-A465-CCFA8FBED631}.Debug|x86.ActiveCfg = Debug|Any CPU
		{8996875B-4EE1-4F8F-A465-CCFA8FBED631}.Debug|x86.Build.0 = Debug|Any CPU
		{8996875B-4EE1-4F8F-A465-CCFA8FBED631}.Release|Any CPU.ActiveCfg = Release|Any CPU
		{8996875B-4EE1-4F8F-A465-CCFA8FBED631}.Release|Any CPU.Build.0 = Release|Any CPU
		{8996875B-4EE1-4F8F-A465-CCFA8FBED631}.Release|x64.ActiveCfg = Release|Any CPU
		{8996875B-4EE1-4F8F-A465-CCFA8FBED631}.Release|x64.Build.0 = Release|Any CPU
		{8996875B-4EE1-4F8F-A465-CCFA8FBED631}.Release|x86.ActiveCfg = Release|Any CPU
		{8996875B-4EE1-4F8F-A465-CCFA8FBED631}.Release|x86.Build.0 = Release|Any CPU
		{A21B5ED5-1B44-4015-9C2E-15ACF3A2FE3D}.Debug|Any CPU.ActiveCfg = Debug|Any CPU
		{A21B5ED5-1B44-4015-9C2E-15ACF3A2FE3D}.Debug|Any CPU.Build.0 = Debug|Any CPU
		{A21B5ED5-1B44-4015-9C2E-15ACF3A2FE3D}.Debug|x64.ActiveCfg = Debug|Any CPU
		{A21B5ED5-1B44-4015-9C2E-15ACF3A2FE3D}.Debug|x64.Build.0 = Debug|Any CPU
		{A21B5ED5-1B44-4015-9C2E-15ACF3A2FE3D}.Debug|x86.ActiveCfg = Debug|Any CPU
		{A21B5ED5-1B44-4015-9C2E-15ACF3A2FE3D}.Debug|x86.Build.0 = Debug|Any CPU
		{A21B5ED5-1B44-4015-9C2E-15ACF3A2FE3D}.Release|Any CPU.ActiveCfg = Release|Any CPU
		{A21B5ED5-1B44-4015-9C2E-15ACF3A2FE3D}.Release|Any CPU.Build.0 = Release|Any CPU
		{A21B5ED5-1B44-4015-9C2E-15ACF3A2FE3D}.Release|x64.ActiveCfg = Release|Any CPU
		{A21B5ED5-1B44-4015-9C2E-15ACF3A2FE3D}.Release|x64.Build.0 = Release|Any CPU
		{A21B5ED5-1B44-4015-9C2E-15ACF3A2FE3D}.Release|x86.ActiveCfg = Release|Any CPU
		{A21B5ED5-1B44-4015-9C2E-15ACF3A2FE3D}.Release|x86.Build.0 = Release|Any CPU
		{81732103-AF59-4B2C-A7CD-C1A06E579251}.Debug|Any CPU.ActiveCfg = Debug|Any CPU
		{81732103-AF59-4B2C-A7CD-C1A06E579251}.Debug|Any CPU.Build.0 = Debug|Any CPU
		{81732103-AF59-4B2C-A7CD-C1A06E579251}.Debug|x64.ActiveCfg = Debug|Any CPU
		{81732103-AF59-4B2C-A7CD-C1A06E579251}.Debug|x64.Build.0 = Debug|Any CPU
		{81732103-AF59-4B2C-A7CD-C1A06E579251}.Debug|x86.ActiveCfg = Debug|Any CPU
		{81732103-AF59-4B2C-A7CD-C1A06E579251}.Debug|x86.Build.0 = Debug|Any CPU
		{81732103-AF59-4B2C-A7CD-C1A06E579251}.Release|Any CPU.ActiveCfg = Release|Any CPU
		{81732103-AF59-4B2C-A7CD-C1A06E579251}.Release|Any CPU.Build.0 = Release|Any CPU
		{81732103-AF59-4B2C-A7CD-C1A06E579251}.Release|x64.ActiveCfg = Release|Any CPU
		{81732103-AF59-4B2C-A7CD-C1A06E579251}.Release|x64.Build.0 = Release|Any CPU
		{81732103-AF59-4B2C-A7CD-C1A06E579251}.Release|x86.ActiveCfg = Release|Any CPU
		{81732103-AF59-4B2C-A7CD-C1A06E579251}.Release|x86.Build.0 = Release|Any CPU
		{F6A5EAEB-7121-415F-9B74-6EFAB249CE2B}.Debug|Any CPU.ActiveCfg = Debug|Any CPU
		{F6A5EAEB-7121-415F-9B74-6EFAB249CE2B}.Debug|Any CPU.Build.0 = Debug|Any CPU
		{F6A5EAEB-7121-415F-9B74-6EFAB249CE2B}.Debug|x64.ActiveCfg = Debug|Any CPU
		{F6A5EAEB-7121-415F-9B74-6EFAB249CE2B}.Debug|x64.Build.0 = Debug|Any CPU
		{F6A5EAEB-7121-415F-9B74-6EFAB249CE2B}.Debug|x86.ActiveCfg = Debug|Any CPU
		{F6A5EAEB-7121-415F-9B74-6EFAB249CE2B}.Debug|x86.Build.0 = Debug|Any CPU
		{F6A5EAEB-7121-415F-9B74-6EFAB249CE2B}.Release|Any CPU.ActiveCfg = Release|Any CPU
		{F6A5EAEB-7121-415F-9B74-6EFAB249CE2B}.Release|Any CPU.Build.0 = Release|Any CPU
		{F6A5EAEB-7121-415F-9B74-6EFAB249CE2B}.Release|x64.ActiveCfg = Release|Any CPU
		{F6A5EAEB-7121-415F-9B74-6EFAB249CE2B}.Release|x64.Build.0 = Release|Any CPU
		{F6A5EAEB-7121-415F-9B74-6EFAB249CE2B}.Release|x86.ActiveCfg = Release|Any CPU
		{F6A5EAEB-7121-415F-9B74-6EFAB249CE2B}.Release|x86.Build.0 = Release|Any CPU
		{CEF5C01E-2B1E-4A45-A86C-2D33FEC39D1B}.Debug|Any CPU.ActiveCfg = Debug|Any CPU
		{CEF5C01E-2B1E-4A45-A86C-2D33FEC39D1B}.Debug|Any CPU.Build.0 = Debug|Any CPU
		{CEF5C01E-2B1E-4A45-A86C-2D33FEC39D1B}.Debug|x64.ActiveCfg = Debug|Any CPU
		{CEF5C01E-2B1E-4A45-A86C-2D33FEC39D1B}.Debug|x64.Build.0 = Debug|Any CPU
		{CEF5C01E-2B1E-4A45-A86C-2D33FEC39D1B}.Debug|x86.ActiveCfg = Debug|Any CPU
		{CEF5C01E-2B1E-4A45-A86C-2D33FEC39D1B}.Debug|x86.Build.0 = Debug|Any CPU
		{CEF5C01E-2B1E-4A45-A86C-2D33FEC39D1B}.Release|Any CPU.ActiveCfg = Release|Any CPU
		{CEF5C01E-2B1E-4A45-A86C-2D33FEC39D1B}.Release|Any CPU.Build.0 = Release|Any CPU
		{CEF5C01E-2B1E-4A45-A86C-2D33FEC39D1B}.Release|x64.ActiveCfg = Release|Any CPU
		{CEF5C01E-2B1E-4A45-A86C-2D33FEC39D1B}.Release|x64.Build.0 = Release|Any CPU
		{CEF5C01E-2B1E-4A45-A86C-2D33FEC39D1B}.Release|x86.ActiveCfg = Release|Any CPU
		{CEF5C01E-2B1E-4A45-A86C-2D33FEC39D1B}.Release|x86.Build.0 = Release|Any CPU
		{D37BB74D-CD78-4A99-B7B5-E9A837EFF2C8}.Debug|Any CPU.ActiveCfg = Debug|Any CPU
		{D37BB74D-CD78-4A99-B7B5-E9A837EFF2C8}.Debug|Any CPU.Build.0 = Debug|Any CPU
		{D37BB74D-CD78-4A99-B7B5-E9A837EFF2C8}.Debug|x64.ActiveCfg = Debug|Any CPU
		{D37BB74D-CD78-4A99-B7B5-E9A837EFF2C8}.Debug|x64.Build.0 = Debug|Any CPU
		{D37BB74D-CD78-4A99-B7B5-E9A837EFF2C8}.Debug|x86.ActiveCfg = Debug|Any CPU
		{D37BB74D-CD78-4A99-B7B5-E9A837EFF2C8}.Debug|x86.Build.0 = Debug|Any CPU
		{D37BB74D-CD78-4A99-B7B5-E9A837EFF2C8}.Release|Any CPU.ActiveCfg = Release|Any CPU
		{D37BB74D-CD78-4A99-B7B5-E9A837EFF2C8}.Release|Any CPU.Build.0 = Release|Any CPU
		{D37BB74D-CD78-4A99-B7B5-E9A837EFF2C8}.Release|x64.ActiveCfg = Release|Any CPU
		{D37BB74D-CD78-4A99-B7B5-E9A837EFF2C8}.Release|x64.Build.0 = Release|Any CPU
		{D37BB74D-CD78-4A99-B7B5-E9A837EFF2C8}.Release|x86.ActiveCfg = Release|Any CPU
		{D37BB74D-CD78-4A99-B7B5-E9A837EFF2C8}.Release|x86.Build.0 = Release|Any CPU
		{24688949-0EAA-4A56-AC6E-6DA790C74DF9}.Debug|Any CPU.ActiveCfg = Debug|Any CPU
		{24688949-0EAA-4A56-AC6E-6DA790C74DF9}.Debug|Any CPU.Build.0 = Debug|Any CPU
		{24688949-0EAA-4A56-AC6E-6DA790C74DF9}.Debug|x64.ActiveCfg = Debug|Any CPU
		{24688949-0EAA-4A56-AC6E-6DA790C74DF9}.Debug|x64.Build.0 = Debug|Any CPU
		{24688949-0EAA-4A56-AC6E-6DA790C74DF9}.Debug|x86.ActiveCfg = Debug|Any CPU
		{24688949-0EAA-4A56-AC6E-6DA790C74DF9}.Debug|x86.Build.0 = Debug|Any CPU
		{24688949-0EAA-4A56-AC6E-6DA790C74DF9}.Release|Any CPU.ActiveCfg = Release|Any CPU
		{24688949-0EAA-4A56-AC6E-6DA790C74DF9}.Release|Any CPU.Build.0 = Release|Any CPU
		{24688949-0EAA-4A56-AC6E-6DA790C74DF9}.Release|x64.ActiveCfg = Release|Any CPU
		{24688949-0EAA-4A56-AC6E-6DA790C74DF9}.Release|x64.Build.0 = Release|Any CPU
		{24688949-0EAA-4A56-AC6E-6DA790C74DF9}.Release|x86.ActiveCfg = Release|Any CPU
		{24688949-0EAA-4A56-AC6E-6DA790C74DF9}.Release|x86.Build.0 = Release|Any CPU
		{599871C8-BA30-45EA-8BF8-55017F3AFE03}.Debug|Any CPU.ActiveCfg = Debug|Any CPU
		{599871C8-BA30-45EA-8BF8-55017F3AFE03}.Debug|Any CPU.Build.0 = Debug|Any CPU
		{599871C8-BA30-45EA-8BF8-55017F3AFE03}.Debug|x64.ActiveCfg = Debug|Any CPU
		{599871C8-BA30-45EA-8BF8-55017F3AFE03}.Debug|x64.Build.0 = Debug|Any CPU
		{599871C8-BA30-45EA-8BF8-55017F3AFE03}.Debug|x86.ActiveCfg = Debug|Any CPU
		{599871C8-BA30-45EA-8BF8-55017F3AFE03}.Debug|x86.Build.0 = Debug|Any CPU
		{599871C8-BA30-45EA-8BF8-55017F3AFE03}.Release|Any CPU.ActiveCfg = Release|Any CPU
		{599871C8-BA30-45EA-8BF8-55017F3AFE03}.Release|Any CPU.Build.0 = Release|Any CPU
		{599871C8-BA30-45EA-8BF8-55017F3AFE03}.Release|x64.ActiveCfg = Release|Any CPU
		{599871C8-BA30-45EA-8BF8-55017F3AFE03}.Release|x64.Build.0 = Release|Any CPU
		{599871C8-BA30-45EA-8BF8-55017F3AFE03}.Release|x86.ActiveCfg = Release|Any CPU
		{599871C8-BA30-45EA-8BF8-55017F3AFE03}.Release|x86.Build.0 = Release|Any CPU
		{629DCEC3-737F-4C59-89AF-0F29F1CCD7FD}.Debug|Any CPU.ActiveCfg = Debug|Any CPU
		{629DCEC3-737F-4C59-89AF-0F29F1CCD7FD}.Debug|Any CPU.Build.0 = Debug|Any CPU
		{629DCEC3-737F-4C59-89AF-0F29F1CCD7FD}.Debug|x64.ActiveCfg = Debug|Any CPU
		{629DCEC3-737F-4C59-89AF-0F29F1CCD7FD}.Debug|x64.Build.0 = Debug|Any CPU
		{629DCEC3-737F-4C59-89AF-0F29F1CCD7FD}.Debug|x86.ActiveCfg = Debug|Any CPU
		{629DCEC3-737F-4C59-89AF-0F29F1CCD7FD}.Debug|x86.Build.0 = Debug|Any CPU
		{629DCEC3-737F-4C59-89AF-0F29F1CCD7FD}.Release|Any CPU.ActiveCfg = Release|Any CPU
		{629DCEC3-737F-4C59-89AF-0F29F1CCD7FD}.Release|Any CPU.Build.0 = Release|Any CPU
		{629DCEC3-737F-4C59-89AF-0F29F1CCD7FD}.Release|x64.ActiveCfg = Release|Any CPU
		{629DCEC3-737F-4C59-89AF-0F29F1CCD7FD}.Release|x64.Build.0 = Release|Any CPU
		{629DCEC3-737F-4C59-89AF-0F29F1CCD7FD}.Release|x86.ActiveCfg = Release|Any CPU
		{629DCEC3-737F-4C59-89AF-0F29F1CCD7FD}.Release|x86.Build.0 = Release|Any CPU
		{F5F84543-63A6-48C8-8BED-F12822D42199}.Debug|Any CPU.ActiveCfg = Debug|Any CPU
		{F5F84543-63A6-48C8-8BED-F12822D42199}.Debug|Any CPU.Build.0 = Debug|Any CPU
		{F5F84543-63A6-48C8-8BED-F12822D42199}.Debug|x64.ActiveCfg = Debug|Any CPU
		{F5F84543-63A6-48C8-8BED-F12822D42199}.Debug|x64.Build.0 = Debug|Any CPU
		{F5F84543-63A6-48C8-8BED-F12822D42199}.Debug|x86.ActiveCfg = Debug|Any CPU
		{F5F84543-63A6-48C8-8BED-F12822D42199}.Debug|x86.Build.0 = Debug|Any CPU
		{F5F84543-63A6-48C8-8BED-F12822D42199}.Release|Any CPU.ActiveCfg = Release|Any CPU
		{F5F84543-63A6-48C8-8BED-F12822D42199}.Release|Any CPU.Build.0 = Release|Any CPU
		{F5F84543-63A6-48C8-8BED-F12822D42199}.Release|x64.ActiveCfg = Release|Any CPU
		{F5F84543-63A6-48C8-8BED-F12822D42199}.Release|x64.Build.0 = Release|Any CPU
		{F5F84543-63A6-48C8-8BED-F12822D42199}.Release|x86.ActiveCfg = Release|Any CPU
		{F5F84543-63A6-48C8-8BED-F12822D42199}.Release|x86.Build.0 = Release|Any CPU
		{7E24BBA9-4FD3-410D-8ADE-DE8741239C3D}.Debug|Any CPU.ActiveCfg = Debug|Any CPU
		{7E24BBA9-4FD3-410D-8ADE-DE8741239C3D}.Debug|Any CPU.Build.0 = Debug|Any CPU
		{7E24BBA9-4FD3-410D-8ADE-DE8741239C3D}.Debug|x64.ActiveCfg = Debug|Any CPU
		{7E24BBA9-4FD3-410D-8ADE-DE8741239C3D}.Debug|x64.Build.0 = Debug|Any CPU
		{7E24BBA9-4FD3-410D-8ADE-DE8741239C3D}.Debug|x86.ActiveCfg = Debug|Any CPU
		{7E24BBA9-4FD3-410D-8ADE-DE8741239C3D}.Debug|x86.Build.0 = Debug|Any CPU
		{7E24BBA9-4FD3-410D-8ADE-DE8741239C3D}.Release|Any CPU.ActiveCfg = Release|Any CPU
		{7E24BBA9-4FD3-410D-8ADE-DE8741239C3D}.Release|Any CPU.Build.0 = Release|Any CPU
		{7E24BBA9-4FD3-410D-8ADE-DE8741239C3D}.Release|x64.ActiveCfg = Release|Any CPU
		{7E24BBA9-4FD3-410D-8ADE-DE8741239C3D}.Release|x64.Build.0 = Release|Any CPU
		{7E24BBA9-4FD3-410D-8ADE-DE8741239C3D}.Release|x86.ActiveCfg = Release|Any CPU
		{7E24BBA9-4FD3-410D-8ADE-DE8741239C3D}.Release|x86.Build.0 = Release|Any CPU
		{55970F85-0EAE-4314-8E69-42683A0EFF8F}.Debug|Any CPU.ActiveCfg = Debug|Any CPU
		{55970F85-0EAE-4314-8E69-42683A0EFF8F}.Debug|Any CPU.Build.0 = Debug|Any CPU
		{55970F85-0EAE-4314-8E69-42683A0EFF8F}.Debug|x64.ActiveCfg = Debug|Any CPU
		{55970F85-0EAE-4314-8E69-42683A0EFF8F}.Debug|x64.Build.0 = Debug|Any CPU
		{55970F85-0EAE-4314-8E69-42683A0EFF8F}.Debug|x86.ActiveCfg = Debug|Any CPU
		{55970F85-0EAE-4314-8E69-42683A0EFF8F}.Debug|x86.Build.0 = Debug|Any CPU
		{55970F85-0EAE-4314-8E69-42683A0EFF8F}.Release|Any CPU.ActiveCfg = Release|Any CPU
		{55970F85-0EAE-4314-8E69-42683A0EFF8F}.Release|Any CPU.Build.0 = Release|Any CPU
		{55970F85-0EAE-4314-8E69-42683A0EFF8F}.Release|x64.ActiveCfg = Release|Any CPU
		{55970F85-0EAE-4314-8E69-42683A0EFF8F}.Release|x64.Build.0 = Release|Any CPU
		{55970F85-0EAE-4314-8E69-42683A0EFF8F}.Release|x86.ActiveCfg = Release|Any CPU
		{55970F85-0EAE-4314-8E69-42683A0EFF8F}.Release|x86.Build.0 = Release|Any CPU
		{E1963A17-5F1A-47BD-B106-10D8FAC697B8}.Debug|Any CPU.ActiveCfg = Debug|Any CPU
		{E1963A17-5F1A-47BD-B106-10D8FAC697B8}.Debug|Any CPU.Build.0 = Debug|Any CPU
		{E1963A17-5F1A-47BD-B106-10D8FAC697B8}.Debug|x64.ActiveCfg = Debug|Any CPU
		{E1963A17-5F1A-47BD-B106-10D8FAC697B8}.Debug|x64.Build.0 = Debug|Any CPU
		{E1963A17-5F1A-47BD-B106-10D8FAC697B8}.Debug|x86.ActiveCfg = Debug|Any CPU
		{E1963A17-5F1A-47BD-B106-10D8FAC697B8}.Debug|x86.Build.0 = Debug|Any CPU
		{E1963A17-5F1A-47BD-B106-10D8FAC697B8}.Release|Any CPU.ActiveCfg = Release|Any CPU
		{E1963A17-5F1A-47BD-B106-10D8FAC697B8}.Release|Any CPU.Build.0 = Release|Any CPU
		{E1963A17-5F1A-47BD-B106-10D8FAC697B8}.Release|x64.ActiveCfg = Release|Any CPU
		{E1963A17-5F1A-47BD-B106-10D8FAC697B8}.Release|x64.Build.0 = Release|Any CPU
		{E1963A17-5F1A-47BD-B106-10D8FAC697B8}.Release|x86.ActiveCfg = Release|Any CPU
		{E1963A17-5F1A-47BD-B106-10D8FAC697B8}.Release|x86.Build.0 = Release|Any CPU
		{E0BB59B5-50CF-4BE2-9A55-9A97A7F5DCB8}.Debug|Any CPU.ActiveCfg = Debug|Any CPU
		{E0BB59B5-50CF-4BE2-9A55-9A97A7F5DCB8}.Debug|Any CPU.Build.0 = Debug|Any CPU
		{E0BB59B5-50CF-4BE2-9A55-9A97A7F5DCB8}.Debug|x64.ActiveCfg = Debug|Any CPU
		{E0BB59B5-50CF-4BE2-9A55-9A97A7F5DCB8}.Debug|x64.Build.0 = Debug|Any CPU
		{E0BB59B5-50CF-4BE2-9A55-9A97A7F5DCB8}.Debug|x86.ActiveCfg = Debug|Any CPU
		{E0BB59B5-50CF-4BE2-9A55-9A97A7F5DCB8}.Debug|x86.Build.0 = Debug|Any CPU
		{E0BB59B5-50CF-4BE2-9A55-9A97A7F5DCB8}.Release|Any CPU.ActiveCfg = Release|Any CPU
		{E0BB59B5-50CF-4BE2-9A55-9A97A7F5DCB8}.Release|Any CPU.Build.0 = Release|Any CPU
		{E0BB59B5-50CF-4BE2-9A55-9A97A7F5DCB8}.Release|x64.ActiveCfg = Release|Any CPU
		{E0BB59B5-50CF-4BE2-9A55-9A97A7F5DCB8}.Release|x64.Build.0 = Release|Any CPU
		{E0BB59B5-50CF-4BE2-9A55-9A97A7F5DCB8}.Release|x86.ActiveCfg = Release|Any CPU
		{E0BB59B5-50CF-4BE2-9A55-9A97A7F5DCB8}.Release|x86.Build.0 = Release|Any CPU
		{B420C8B9-A317-4BC9-B5D7-0FD9E8A975B1}.Debug|Any CPU.ActiveCfg = Debug|Any CPU
		{B420C8B9-A317-4BC9-B5D7-0FD9E8A975B1}.Debug|Any CPU.Build.0 = Debug|Any CPU
		{B420C8B9-A317-4BC9-B5D7-0FD9E8A975B1}.Debug|x64.ActiveCfg = Debug|Any CPU
		{B420C8B9-A317-4BC9-B5D7-0FD9E8A975B1}.Debug|x64.Build.0 = Debug|Any CPU
		{B420C8B9-A317-4BC9-B5D7-0FD9E8A975B1}.Debug|x86.ActiveCfg = Debug|Any CPU
		{B420C8B9-A317-4BC9-B5D7-0FD9E8A975B1}.Debug|x86.Build.0 = Debug|Any CPU
		{B420C8B9-A317-4BC9-B5D7-0FD9E8A975B1}.Release|Any CPU.ActiveCfg = Release|Any CPU
		{B420C8B9-A317-4BC9-B5D7-0FD9E8A975B1}.Release|Any CPU.Build.0 = Release|Any CPU
		{B420C8B9-A317-4BC9-B5D7-0FD9E8A975B1}.Release|x64.ActiveCfg = Release|Any CPU
		{B420C8B9-A317-4BC9-B5D7-0FD9E8A975B1}.Release|x64.Build.0 = Release|Any CPU
		{B420C8B9-A317-4BC9-B5D7-0FD9E8A975B1}.Release|x86.ActiveCfg = Release|Any CPU
		{B420C8B9-A317-4BC9-B5D7-0FD9E8A975B1}.Release|x86.Build.0 = Release|Any CPU
		{A7631126-3889-4125-8DCD-4DF2AFC5C8F8}.Debug|Any CPU.ActiveCfg = Debug|Any CPU
		{A7631126-3889-4125-8DCD-4DF2AFC5C8F8}.Debug|Any CPU.Build.0 = Debug|Any CPU
		{A7631126-3889-4125-8DCD-4DF2AFC5C8F8}.Debug|x64.ActiveCfg = Debug|Any CPU
		{A7631126-3889-4125-8DCD-4DF2AFC5C8F8}.Debug|x64.Build.0 = Debug|Any CPU
		{A7631126-3889-4125-8DCD-4DF2AFC5C8F8}.Debug|x86.ActiveCfg = Debug|Any CPU
		{A7631126-3889-4125-8DCD-4DF2AFC5C8F8}.Debug|x86.Build.0 = Debug|Any CPU
		{A7631126-3889-4125-8DCD-4DF2AFC5C8F8}.Release|Any CPU.ActiveCfg = Release|Any CPU
		{A7631126-3889-4125-8DCD-4DF2AFC5C8F8}.Release|Any CPU.Build.0 = Release|Any CPU
		{A7631126-3889-4125-8DCD-4DF2AFC5C8F8}.Release|x64.ActiveCfg = Release|Any CPU
		{A7631126-3889-4125-8DCD-4DF2AFC5C8F8}.Release|x64.Build.0 = Release|Any CPU
		{A7631126-3889-4125-8DCD-4DF2AFC5C8F8}.Release|x86.ActiveCfg = Release|Any CPU
		{A7631126-3889-4125-8DCD-4DF2AFC5C8F8}.Release|x86.Build.0 = Release|Any CPU
		{48DFA014-A82D-437E-8C77-634989A3370D}.Debug|Any CPU.ActiveCfg = Debug|Any CPU
		{48DFA014-A82D-437E-8C77-634989A3370D}.Debug|Any CPU.Build.0 = Debug|Any CPU
		{48DFA014-A82D-437E-8C77-634989A3370D}.Debug|x64.ActiveCfg = Debug|Any CPU
		{48DFA014-A82D-437E-8C77-634989A3370D}.Debug|x64.Build.0 = Debug|Any CPU
		{48DFA014-A82D-437E-8C77-634989A3370D}.Debug|x86.ActiveCfg = Debug|Any CPU
		{48DFA014-A82D-437E-8C77-634989A3370D}.Debug|x86.Build.0 = Debug|Any CPU
		{48DFA014-A82D-437E-8C77-634989A3370D}.Release|Any CPU.ActiveCfg = Release|Any CPU
		{48DFA014-A82D-437E-8C77-634989A3370D}.Release|Any CPU.Build.0 = Release|Any CPU
		{48DFA014-A82D-437E-8C77-634989A3370D}.Release|x64.ActiveCfg = Release|Any CPU
		{48DFA014-A82D-437E-8C77-634989A3370D}.Release|x64.Build.0 = Release|Any CPU
		{48DFA014-A82D-437E-8C77-634989A3370D}.Release|x86.ActiveCfg = Release|Any CPU
		{48DFA014-A82D-437E-8C77-634989A3370D}.Release|x86.Build.0 = Release|Any CPU
		{1D8A8333-65B7-424C-979F-EECC75C667F7}.Debug|Any CPU.ActiveCfg = Debug|Any CPU
		{1D8A8333-65B7-424C-979F-EECC75C667F7}.Debug|Any CPU.Build.0 = Debug|Any CPU
		{1D8A8333-65B7-424C-979F-EECC75C667F7}.Debug|x64.ActiveCfg = Debug|Any CPU
		{1D8A8333-65B7-424C-979F-EECC75C667F7}.Debug|x64.Build.0 = Debug|Any CPU
		{1D8A8333-65B7-424C-979F-EECC75C667F7}.Debug|x86.ActiveCfg = Debug|Any CPU
		{1D8A8333-65B7-424C-979F-EECC75C667F7}.Debug|x86.Build.0 = Debug|Any CPU
		{1D8A8333-65B7-424C-979F-EECC75C667F7}.Release|Any CPU.ActiveCfg = Release|Any CPU
		{1D8A8333-65B7-424C-979F-EECC75C667F7}.Release|Any CPU.Build.0 = Release|Any CPU
		{1D8A8333-65B7-424C-979F-EECC75C667F7}.Release|x64.ActiveCfg = Release|Any CPU
		{1D8A8333-65B7-424C-979F-EECC75C667F7}.Release|x64.Build.0 = Release|Any CPU
		{1D8A8333-65B7-424C-979F-EECC75C667F7}.Release|x86.ActiveCfg = Release|Any CPU
		{1D8A8333-65B7-424C-979F-EECC75C667F7}.Release|x86.Build.0 = Release|Any CPU
		{5F616324-E957-4EB1-872C-A6C5C6CCAB81}.Debug|Any CPU.ActiveCfg = Debug|Any CPU
		{5F616324-E957-4EB1-872C-A6C5C6CCAB81}.Debug|Any CPU.Build.0 = Debug|Any CPU
		{5F616324-E957-4EB1-872C-A6C5C6CCAB81}.Debug|x64.ActiveCfg = Debug|Any CPU
		{5F616324-E957-4EB1-872C-A6C5C6CCAB81}.Debug|x64.Build.0 = Debug|Any CPU
		{5F616324-E957-4EB1-872C-A6C5C6CCAB81}.Debug|x86.ActiveCfg = Debug|Any CPU
		{5F616324-E957-4EB1-872C-A6C5C6CCAB81}.Debug|x86.Build.0 = Debug|Any CPU
		{5F616324-E957-4EB1-872C-A6C5C6CCAB81}.Release|Any CPU.ActiveCfg = Release|Any CPU
		{5F616324-E957-4EB1-872C-A6C5C6CCAB81}.Release|Any CPU.Build.0 = Release|Any CPU
		{5F616324-E957-4EB1-872C-A6C5C6CCAB81}.Release|x64.ActiveCfg = Release|Any CPU
		{5F616324-E957-4EB1-872C-A6C5C6CCAB81}.Release|x64.Build.0 = Release|Any CPU
		{5F616324-E957-4EB1-872C-A6C5C6CCAB81}.Release|x86.ActiveCfg = Release|Any CPU
		{5F616324-E957-4EB1-872C-A6C5C6CCAB81}.Release|x86.Build.0 = Release|Any CPU
		{F768EE3D-0C0C-4CF0-B9E8-83F413C36BBC}.Debug|Any CPU.ActiveCfg = Debug|Any CPU
		{F768EE3D-0C0C-4CF0-B9E8-83F413C36BBC}.Debug|Any CPU.Build.0 = Debug|Any CPU
		{F768EE3D-0C0C-4CF0-B9E8-83F413C36BBC}.Debug|x64.ActiveCfg = Debug|Any CPU
		{F768EE3D-0C0C-4CF0-B9E8-83F413C36BBC}.Debug|x64.Build.0 = Debug|Any CPU
		{F768EE3D-0C0C-4CF0-B9E8-83F413C36BBC}.Debug|x86.ActiveCfg = Debug|Any CPU
		{F768EE3D-0C0C-4CF0-B9E8-83F413C36BBC}.Debug|x86.Build.0 = Debug|Any CPU
		{F768EE3D-0C0C-4CF0-B9E8-83F413C36BBC}.Release|Any CPU.ActiveCfg = Release|Any CPU
		{F768EE3D-0C0C-4CF0-B9E8-83F413C36BBC}.Release|Any CPU.Build.0 = Release|Any CPU
		{F768EE3D-0C0C-4CF0-B9E8-83F413C36BBC}.Release|x64.ActiveCfg = Release|Any CPU
		{F768EE3D-0C0C-4CF0-B9E8-83F413C36BBC}.Release|x64.Build.0 = Release|Any CPU
		{F768EE3D-0C0C-4CF0-B9E8-83F413C36BBC}.Release|x86.ActiveCfg = Release|Any CPU
		{F768EE3D-0C0C-4CF0-B9E8-83F413C36BBC}.Release|x86.Build.0 = Release|Any CPU
		{B8439429-3CFE-49A6-B17F-A88550EECB3E}.Debug|Any CPU.ActiveCfg = Debug|Any CPU
		{B8439429-3CFE-49A6-B17F-A88550EECB3E}.Debug|Any CPU.Build.0 = Debug|Any CPU
		{B8439429-3CFE-49A6-B17F-A88550EECB3E}.Debug|x64.ActiveCfg = Debug|Any CPU
		{B8439429-3CFE-49A6-B17F-A88550EECB3E}.Debug|x64.Build.0 = Debug|Any CPU
		{B8439429-3CFE-49A6-B17F-A88550EECB3E}.Debug|x86.ActiveCfg = Debug|Any CPU
		{B8439429-3CFE-49A6-B17F-A88550EECB3E}.Debug|x86.Build.0 = Debug|Any CPU
		{B8439429-3CFE-49A6-B17F-A88550EECB3E}.Release|Any CPU.ActiveCfg = Release|Any CPU
		{B8439429-3CFE-49A6-B17F-A88550EECB3E}.Release|Any CPU.Build.0 = Release|Any CPU
		{B8439429-3CFE-49A6-B17F-A88550EECB3E}.Release|x64.ActiveCfg = Release|Any CPU
		{B8439429-3CFE-49A6-B17F-A88550EECB3E}.Release|x64.Build.0 = Release|Any CPU
		{B8439429-3CFE-49A6-B17F-A88550EECB3E}.Release|x86.ActiveCfg = Release|Any CPU
		{B8439429-3CFE-49A6-B17F-A88550EECB3E}.Release|x86.Build.0 = Release|Any CPU
		{FED07881-0CC8-439E-8EDE-6257B0A56226}.Debug|Any CPU.ActiveCfg = Debug|Any CPU
		{FED07881-0CC8-439E-8EDE-6257B0A56226}.Debug|Any CPU.Build.0 = Debug|Any CPU
		{FED07881-0CC8-439E-8EDE-6257B0A56226}.Debug|x64.ActiveCfg = Debug|Any CPU
		{FED07881-0CC8-439E-8EDE-6257B0A56226}.Debug|x64.Build.0 = Debug|Any CPU
		{FED07881-0CC8-439E-8EDE-6257B0A56226}.Debug|x86.ActiveCfg = Debug|Any CPU
		{FED07881-0CC8-439E-8EDE-6257B0A56226}.Debug|x86.Build.0 = Debug|Any CPU
		{FED07881-0CC8-439E-8EDE-6257B0A56226}.Release|Any CPU.ActiveCfg = Release|Any CPU
		{FED07881-0CC8-439E-8EDE-6257B0A56226}.Release|Any CPU.Build.0 = Release|Any CPU
		{FED07881-0CC8-439E-8EDE-6257B0A56226}.Release|x64.ActiveCfg = Release|Any CPU
		{FED07881-0CC8-439E-8EDE-6257B0A56226}.Release|x64.Build.0 = Release|Any CPU
		{FED07881-0CC8-439E-8EDE-6257B0A56226}.Release|x86.ActiveCfg = Release|Any CPU
		{FED07881-0CC8-439E-8EDE-6257B0A56226}.Release|x86.Build.0 = Release|Any CPU
		{753EC4E8-8960-4D4E-B357-9FD4675501EF}.Debug|Any CPU.ActiveCfg = Debug|Any CPU
		{753EC4E8-8960-4D4E-B357-9FD4675501EF}.Debug|Any CPU.Build.0 = Debug|Any CPU
		{753EC4E8-8960-4D4E-B357-9FD4675501EF}.Debug|x64.ActiveCfg = Debug|Any CPU
		{753EC4E8-8960-4D4E-B357-9FD4675501EF}.Debug|x64.Build.0 = Debug|Any CPU
		{753EC4E8-8960-4D4E-B357-9FD4675501EF}.Debug|x86.ActiveCfg = Debug|Any CPU
		{753EC4E8-8960-4D4E-B357-9FD4675501EF}.Debug|x86.Build.0 = Debug|Any CPU
		{753EC4E8-8960-4D4E-B357-9FD4675501EF}.Release|Any CPU.ActiveCfg = Release|Any CPU
		{753EC4E8-8960-4D4E-B357-9FD4675501EF}.Release|Any CPU.Build.0 = Release|Any CPU
		{753EC4E8-8960-4D4E-B357-9FD4675501EF}.Release|x64.ActiveCfg = Release|Any CPU
		{753EC4E8-8960-4D4E-B357-9FD4675501EF}.Release|x64.Build.0 = Release|Any CPU
		{753EC4E8-8960-4D4E-B357-9FD4675501EF}.Release|x86.ActiveCfg = Release|Any CPU
		{753EC4E8-8960-4D4E-B357-9FD4675501EF}.Release|x86.Build.0 = Release|Any CPU
		{DC8E07E6-7DB0-4662-94B7-9FEFE99FAFF9}.Debug|Any CPU.ActiveCfg = Debug|Any CPU
		{DC8E07E6-7DB0-4662-94B7-9FEFE99FAFF9}.Debug|Any CPU.Build.0 = Debug|Any CPU
		{DC8E07E6-7DB0-4662-94B7-9FEFE99FAFF9}.Debug|x64.ActiveCfg = Debug|Any CPU
		{DC8E07E6-7DB0-4662-94B7-9FEFE99FAFF9}.Debug|x64.Build.0 = Debug|Any CPU
		{DC8E07E6-7DB0-4662-94B7-9FEFE99FAFF9}.Debug|x86.ActiveCfg = Debug|Any CPU
		{DC8E07E6-7DB0-4662-94B7-9FEFE99FAFF9}.Debug|x86.Build.0 = Debug|Any CPU
		{DC8E07E6-7DB0-4662-94B7-9FEFE99FAFF9}.Release|Any CPU.ActiveCfg = Release|Any CPU
		{DC8E07E6-7DB0-4662-94B7-9FEFE99FAFF9}.Release|Any CPU.Build.0 = Release|Any CPU
		{DC8E07E6-7DB0-4662-94B7-9FEFE99FAFF9}.Release|x64.ActiveCfg = Release|Any CPU
		{DC8E07E6-7DB0-4662-94B7-9FEFE99FAFF9}.Release|x64.Build.0 = Release|Any CPU
		{DC8E07E6-7DB0-4662-94B7-9FEFE99FAFF9}.Release|x86.ActiveCfg = Release|Any CPU
		{DC8E07E6-7DB0-4662-94B7-9FEFE99FAFF9}.Release|x86.Build.0 = Release|Any CPU
		{7A514102-D228-45F9-8143-A8CD697AC0CA}.Debug|Any CPU.ActiveCfg = Debug|Any CPU
		{7A514102-D228-45F9-8143-A8CD697AC0CA}.Debug|Any CPU.Build.0 = Debug|Any CPU
		{7A514102-D228-45F9-8143-A8CD697AC0CA}.Debug|x64.ActiveCfg = Debug|Any CPU
		{7A514102-D228-45F9-8143-A8CD697AC0CA}.Debug|x64.Build.0 = Debug|Any CPU
		{7A514102-D228-45F9-8143-A8CD697AC0CA}.Debug|x86.ActiveCfg = Debug|Any CPU
		{7A514102-D228-45F9-8143-A8CD697AC0CA}.Debug|x86.Build.0 = Debug|Any CPU
		{7A514102-D228-45F9-8143-A8CD697AC0CA}.Release|Any CPU.ActiveCfg = Release|Any CPU
		{7A514102-D228-45F9-8143-A8CD697AC0CA}.Release|Any CPU.Build.0 = Release|Any CPU
		{7A514102-D228-45F9-8143-A8CD697AC0CA}.Release|x64.ActiveCfg = Release|Any CPU
		{7A514102-D228-45F9-8143-A8CD697AC0CA}.Release|x64.Build.0 = Release|Any CPU
		{7A514102-D228-45F9-8143-A8CD697AC0CA}.Release|x86.ActiveCfg = Release|Any CPU
		{7A514102-D228-45F9-8143-A8CD697AC0CA}.Release|x86.Build.0 = Release|Any CPU
		{BE4E49E3-0182-490D-0D67-0321D3C7A77B}.Debug|Any CPU.ActiveCfg = Debug|Any CPU
		{BE4E49E3-0182-490D-0D67-0321D3C7A77B}.Debug|Any CPU.Build.0 = Debug|Any CPU
		{BE4E49E3-0182-490D-0D67-0321D3C7A77B}.Debug|x64.ActiveCfg = Debug|Any CPU
		{BE4E49E3-0182-490D-0D67-0321D3C7A77B}.Debug|x64.Build.0 = Debug|Any CPU
		{BE4E49E3-0182-490D-0D67-0321D3C7A77B}.Debug|x86.ActiveCfg = Debug|Any CPU
		{BE4E49E3-0182-490D-0D67-0321D3C7A77B}.Debug|x86.Build.0 = Debug|Any CPU
		{BE4E49E3-0182-490D-0D67-0321D3C7A77B}.Release|Any CPU.ActiveCfg = Release|Any CPU
		{BE4E49E3-0182-490D-0D67-0321D3C7A77B}.Release|Any CPU.Build.0 = Release|Any CPU
		{BE4E49E3-0182-490D-0D67-0321D3C7A77B}.Release|x64.ActiveCfg = Release|Any CPU
		{BE4E49E3-0182-490D-0D67-0321D3C7A77B}.Release|x64.Build.0 = Release|Any CPU
		{BE4E49E3-0182-490D-0D67-0321D3C7A77B}.Release|x86.ActiveCfg = Release|Any CPU
		{BE4E49E3-0182-490D-0D67-0321D3C7A77B}.Release|x86.Build.0 = Release|Any CPU
		{154AA5F1-C1E5-4BE4-83A5-FA37EB88544D}.Debug|Any CPU.ActiveCfg = Debug|Any CPU
		{154AA5F1-C1E5-4BE4-83A5-FA37EB88544D}.Debug|Any CPU.Build.0 = Debug|Any CPU
		{154AA5F1-C1E5-4BE4-83A5-FA37EB88544D}.Debug|x64.ActiveCfg = Debug|Any CPU
		{154AA5F1-C1E5-4BE4-83A5-FA37EB88544D}.Debug|x64.Build.0 = Debug|Any CPU
		{154AA5F1-C1E5-4BE4-83A5-FA37EB88544D}.Debug|x86.ActiveCfg = Debug|Any CPU
		{154AA5F1-C1E5-4BE4-83A5-FA37EB88544D}.Debug|x86.Build.0 = Debug|Any CPU
		{154AA5F1-C1E5-4BE4-83A5-FA37EB88544D}.Release|Any CPU.ActiveCfg = Release|Any CPU
		{154AA5F1-C1E5-4BE4-83A5-FA37EB88544D}.Release|Any CPU.Build.0 = Release|Any CPU
		{154AA5F1-C1E5-4BE4-83A5-FA37EB88544D}.Release|x64.ActiveCfg = Release|Any CPU
		{154AA5F1-C1E5-4BE4-83A5-FA37EB88544D}.Release|x64.Build.0 = Release|Any CPU
		{154AA5F1-C1E5-4BE4-83A5-FA37EB88544D}.Release|x86.ActiveCfg = Release|Any CPU
		{154AA5F1-C1E5-4BE4-83A5-FA37EB88544D}.Release|x86.Build.0 = Release|Any CPU
		{296205DA-013F-4566-A576-2FCE725253F3}.Debug|Any CPU.ActiveCfg = Debug|Any CPU
		{296205DA-013F-4566-A576-2FCE725253F3}.Debug|Any CPU.Build.0 = Debug|Any CPU
		{296205DA-013F-4566-A576-2FCE725253F3}.Debug|x64.ActiveCfg = Debug|Any CPU
		{296205DA-013F-4566-A576-2FCE725253F3}.Debug|x64.Build.0 = Debug|Any CPU
		{296205DA-013F-4566-A576-2FCE725253F3}.Debug|x86.ActiveCfg = Debug|Any CPU
		{296205DA-013F-4566-A576-2FCE725253F3}.Debug|x86.Build.0 = Debug|Any CPU
		{296205DA-013F-4566-A576-2FCE725253F3}.Release|Any CPU.ActiveCfg = Release|Any CPU
		{296205DA-013F-4566-A576-2FCE725253F3}.Release|Any CPU.Build.0 = Release|Any CPU
		{296205DA-013F-4566-A576-2FCE725253F3}.Release|x64.ActiveCfg = Release|Any CPU
		{296205DA-013F-4566-A576-2FCE725253F3}.Release|x64.Build.0 = Release|Any CPU
		{296205DA-013F-4566-A576-2FCE725253F3}.Release|x86.ActiveCfg = Release|Any CPU
		{296205DA-013F-4566-A576-2FCE725253F3}.Release|x86.Build.0 = Release|Any CPU
		{B757CD6C-9DC8-40AB-96F2-D87697855E29}.Debug|Any CPU.ActiveCfg = Debug|Any CPU
		{B757CD6C-9DC8-40AB-96F2-D87697855E29}.Debug|Any CPU.Build.0 = Debug|Any CPU
		{B757CD6C-9DC8-40AB-96F2-D87697855E29}.Debug|x64.ActiveCfg = Debug|Any CPU
		{B757CD6C-9DC8-40AB-96F2-D87697855E29}.Debug|x64.Build.0 = Debug|Any CPU
		{B757CD6C-9DC8-40AB-96F2-D87697855E29}.Debug|x86.ActiveCfg = Debug|Any CPU
		{B757CD6C-9DC8-40AB-96F2-D87697855E29}.Debug|x86.Build.0 = Debug|Any CPU
		{B757CD6C-9DC8-40AB-96F2-D87697855E29}.Release|Any CPU.ActiveCfg = Release|Any CPU
		{B757CD6C-9DC8-40AB-96F2-D87697855E29}.Release|Any CPU.Build.0 = Release|Any CPU
		{B757CD6C-9DC8-40AB-96F2-D87697855E29}.Release|x64.ActiveCfg = Release|Any CPU
		{B757CD6C-9DC8-40AB-96F2-D87697855E29}.Release|x64.Build.0 = Release|Any CPU
		{B757CD6C-9DC8-40AB-96F2-D87697855E29}.Release|x86.ActiveCfg = Release|Any CPU
		{B757CD6C-9DC8-40AB-96F2-D87697855E29}.Release|x86.Build.0 = Release|Any CPU
		{7D9C44FB-4DED-4AA2-8064-FEBA73A871E1}.Debug|Any CPU.ActiveCfg = Debug|Any CPU
		{7D9C44FB-4DED-4AA2-8064-FEBA73A871E1}.Debug|Any CPU.Build.0 = Debug|Any CPU
		{7D9C44FB-4DED-4AA2-8064-FEBA73A871E1}.Debug|x64.ActiveCfg = Debug|Any CPU
		{7D9C44FB-4DED-4AA2-8064-FEBA73A871E1}.Debug|x64.Build.0 = Debug|Any CPU
		{7D9C44FB-4DED-4AA2-8064-FEBA73A871E1}.Debug|x86.ActiveCfg = Debug|Any CPU
		{7D9C44FB-4DED-4AA2-8064-FEBA73A871E1}.Debug|x86.Build.0 = Debug|Any CPU
		{7D9C44FB-4DED-4AA2-8064-FEBA73A871E1}.Release|Any CPU.ActiveCfg = Release|Any CPU
		{7D9C44FB-4DED-4AA2-8064-FEBA73A871E1}.Release|Any CPU.Build.0 = Release|Any CPU
		{7D9C44FB-4DED-4AA2-8064-FEBA73A871E1}.Release|x64.ActiveCfg = Release|Any CPU
		{7D9C44FB-4DED-4AA2-8064-FEBA73A871E1}.Release|x64.Build.0 = Release|Any CPU
		{7D9C44FB-4DED-4AA2-8064-FEBA73A871E1}.Release|x86.ActiveCfg = Release|Any CPU
		{7D9C44FB-4DED-4AA2-8064-FEBA73A871E1}.Release|x86.Build.0 = Release|Any CPU
		{72FD22BC-B029-4D71-A385-C80F16FB5B25}.Debug|Any CPU.ActiveCfg = Debug|Any CPU
		{72FD22BC-B029-4D71-A385-C80F16FB5B25}.Debug|Any CPU.Build.0 = Debug|Any CPU
		{72FD22BC-B029-4D71-A385-C80F16FB5B25}.Debug|x64.ActiveCfg = Debug|Any CPU
		{72FD22BC-B029-4D71-A385-C80F16FB5B25}.Debug|x64.Build.0 = Debug|Any CPU
		{72FD22BC-B029-4D71-A385-C80F16FB5B25}.Debug|x86.ActiveCfg = Debug|Any CPU
		{72FD22BC-B029-4D71-A385-C80F16FB5B25}.Debug|x86.Build.0 = Debug|Any CPU
		{72FD22BC-B029-4D71-A385-C80F16FB5B25}.Release|Any CPU.ActiveCfg = Release|Any CPU
		{72FD22BC-B029-4D71-A385-C80F16FB5B25}.Release|Any CPU.Build.0 = Release|Any CPU
		{72FD22BC-B029-4D71-A385-C80F16FB5B25}.Release|x64.ActiveCfg = Release|Any CPU
		{72FD22BC-B029-4D71-A385-C80F16FB5B25}.Release|x64.Build.0 = Release|Any CPU
		{72FD22BC-B029-4D71-A385-C80F16FB5B25}.Release|x86.ActiveCfg = Release|Any CPU
		{72FD22BC-B029-4D71-A385-C80F16FB5B25}.Release|x86.Build.0 = Release|Any CPU
		{3B76D2DA-8015-4303-BF39-9A46DCC51540}.Debug|Any CPU.ActiveCfg = Debug|Any CPU
		{3B76D2DA-8015-4303-BF39-9A46DCC51540}.Debug|Any CPU.Build.0 = Debug|Any CPU
		{3B76D2DA-8015-4303-BF39-9A46DCC51540}.Debug|x64.ActiveCfg = Debug|Any CPU
		{3B76D2DA-8015-4303-BF39-9A46DCC51540}.Debug|x64.Build.0 = Debug|Any CPU
		{3B76D2DA-8015-4303-BF39-9A46DCC51540}.Debug|x86.ActiveCfg = Debug|Any CPU
		{3B76D2DA-8015-4303-BF39-9A46DCC51540}.Debug|x86.Build.0 = Debug|Any CPU
		{3B76D2DA-8015-4303-BF39-9A46DCC51540}.Release|Any CPU.ActiveCfg = Release|Any CPU
		{3B76D2DA-8015-4303-BF39-9A46DCC51540}.Release|Any CPU.Build.0 = Release|Any CPU
		{3B76D2DA-8015-4303-BF39-9A46DCC51540}.Release|x64.ActiveCfg = Release|Any CPU
		{3B76D2DA-8015-4303-BF39-9A46DCC51540}.Release|x64.Build.0 = Release|Any CPU
		{3B76D2DA-8015-4303-BF39-9A46DCC51540}.Release|x86.ActiveCfg = Release|Any CPU
		{3B76D2DA-8015-4303-BF39-9A46DCC51540}.Release|x86.Build.0 = Release|Any CPU
		{A7824D4B-DF89-4CF8-9E84-A581856BF090}.Debug|Any CPU.ActiveCfg = Debug|Any CPU
		{A7824D4B-DF89-4CF8-9E84-A581856BF090}.Debug|Any CPU.Build.0 = Debug|Any CPU
		{A7824D4B-DF89-4CF8-9E84-A581856BF090}.Debug|x64.ActiveCfg = Debug|Any CPU
		{A7824D4B-DF89-4CF8-9E84-A581856BF090}.Debug|x64.Build.0 = Debug|Any CPU
		{A7824D4B-DF89-4CF8-9E84-A581856BF090}.Debug|x86.ActiveCfg = Debug|Any CPU
		{A7824D4B-DF89-4CF8-9E84-A581856BF090}.Debug|x86.Build.0 = Debug|Any CPU
		{A7824D4B-DF89-4CF8-9E84-A581856BF090}.Release|Any CPU.ActiveCfg = Release|Any CPU
		{A7824D4B-DF89-4CF8-9E84-A581856BF090}.Release|Any CPU.Build.0 = Release|Any CPU
		{A7824D4B-DF89-4CF8-9E84-A581856BF090}.Release|x64.ActiveCfg = Release|Any CPU
		{A7824D4B-DF89-4CF8-9E84-A581856BF090}.Release|x64.Build.0 = Release|Any CPU
		{A7824D4B-DF89-4CF8-9E84-A581856BF090}.Release|x86.ActiveCfg = Release|Any CPU
		{A7824D4B-DF89-4CF8-9E84-A581856BF090}.Release|x86.Build.0 = Release|Any CPU
		{A94D34AC-D6E3-473B-B693-CE9B982554D2}.Debug|Any CPU.ActiveCfg = Debug|Any CPU
		{A94D34AC-D6E3-473B-B693-CE9B982554D2}.Debug|Any CPU.Build.0 = Debug|Any CPU
		{A94D34AC-D6E3-473B-B693-CE9B982554D2}.Debug|x64.ActiveCfg = Debug|Any CPU
		{A94D34AC-D6E3-473B-B693-CE9B982554D2}.Debug|x64.Build.0 = Debug|Any CPU
		{A94D34AC-D6E3-473B-B693-CE9B982554D2}.Debug|x86.ActiveCfg = Debug|Any CPU
		{A94D34AC-D6E3-473B-B693-CE9B982554D2}.Debug|x86.Build.0 = Debug|Any CPU
		{A94D34AC-D6E3-473B-B693-CE9B982554D2}.Release|Any CPU.ActiveCfg = Release|Any CPU
		{A94D34AC-D6E3-473B-B693-CE9B982554D2}.Release|Any CPU.Build.0 = Release|Any CPU
		{A94D34AC-D6E3-473B-B693-CE9B982554D2}.Release|x64.ActiveCfg = Release|Any CPU
		{A94D34AC-D6E3-473B-B693-CE9B982554D2}.Release|x64.Build.0 = Release|Any CPU
		{A94D34AC-D6E3-473B-B693-CE9B982554D2}.Release|x86.ActiveCfg = Release|Any CPU
		{A94D34AC-D6E3-473B-B693-CE9B982554D2}.Release|x86.Build.0 = Release|Any CPU
		{E54CD51F-3326-471C-9C06-5D198A5F837F}.Debug|Any CPU.ActiveCfg = Debug|Any CPU
		{E54CD51F-3326-471C-9C06-5D198A5F837F}.Debug|Any CPU.Build.0 = Debug|Any CPU
		{E54CD51F-3326-471C-9C06-5D198A5F837F}.Debug|x64.ActiveCfg = Debug|Any CPU
		{E54CD51F-3326-471C-9C06-5D198A5F837F}.Debug|x64.Build.0 = Debug|Any CPU
		{E54CD51F-3326-471C-9C06-5D198A5F837F}.Debug|x86.ActiveCfg = Debug|Any CPU
		{E54CD51F-3326-471C-9C06-5D198A5F837F}.Debug|x86.Build.0 = Debug|Any CPU
		{E54CD51F-3326-471C-9C06-5D198A5F837F}.Release|Any CPU.ActiveCfg = Release|Any CPU
		{E54CD51F-3326-471C-9C06-5D198A5F837F}.Release|Any CPU.Build.0 = Release|Any CPU
		{E54CD51F-3326-471C-9C06-5D198A5F837F}.Release|x64.ActiveCfg = Release|Any CPU
		{E54CD51F-3326-471C-9C06-5D198A5F837F}.Release|x64.Build.0 = Release|Any CPU
		{E54CD51F-3326-471C-9C06-5D198A5F837F}.Release|x86.ActiveCfg = Release|Any CPU
		{E54CD51F-3326-471C-9C06-5D198A5F837F}.Release|x86.Build.0 = Release|Any CPU
		{2F4C5C7A-426B-4864-9001-73AA4B1E19F7}.Debug|Any CPU.ActiveCfg = Debug|Any CPU
		{2F4C5C7A-426B-4864-9001-73AA4B1E19F7}.Debug|Any CPU.Build.0 = Debug|Any CPU
		{2F4C5C7A-426B-4864-9001-73AA4B1E19F7}.Debug|x64.ActiveCfg = Debug|Any CPU
		{2F4C5C7A-426B-4864-9001-73AA4B1E19F7}.Debug|x64.Build.0 = Debug|Any CPU
		{2F4C5C7A-426B-4864-9001-73AA4B1E19F7}.Debug|x86.ActiveCfg = Debug|Any CPU
		{2F4C5C7A-426B-4864-9001-73AA4B1E19F7}.Debug|x86.Build.0 = Debug|Any CPU
		{2F4C5C7A-426B-4864-9001-73AA4B1E19F7}.Release|Any CPU.ActiveCfg = Release|Any CPU
		{2F4C5C7A-426B-4864-9001-73AA4B1E19F7}.Release|Any CPU.Build.0 = Release|Any CPU
		{2F4C5C7A-426B-4864-9001-73AA4B1E19F7}.Release|x64.ActiveCfg = Release|Any CPU
		{2F4C5C7A-426B-4864-9001-73AA4B1E19F7}.Release|x64.Build.0 = Release|Any CPU
		{2F4C5C7A-426B-4864-9001-73AA4B1E19F7}.Release|x86.ActiveCfg = Release|Any CPU
		{2F4C5C7A-426B-4864-9001-73AA4B1E19F7}.Release|x86.Build.0 = Release|Any CPU
		{A1970C12-75E5-47D4-A4A1-D4CC42369A0C}.Debug|Any CPU.ActiveCfg = Debug|Any CPU
		{A1970C12-75E5-47D4-A4A1-D4CC42369A0C}.Debug|Any CPU.Build.0 = Debug|Any CPU
		{A1970C12-75E5-47D4-A4A1-D4CC42369A0C}.Debug|x64.ActiveCfg = Debug|Any CPU
		{A1970C12-75E5-47D4-A4A1-D4CC42369A0C}.Debug|x64.Build.0 = Debug|Any CPU
		{A1970C12-75E5-47D4-A4A1-D4CC42369A0C}.Debug|x86.ActiveCfg = Debug|Any CPU
		{A1970C12-75E5-47D4-A4A1-D4CC42369A0C}.Debug|x86.Build.0 = Debug|Any CPU
		{A1970C12-75E5-47D4-A4A1-D4CC42369A0C}.Release|Any CPU.ActiveCfg = Release|Any CPU
		{A1970C12-75E5-47D4-A4A1-D4CC42369A0C}.Release|Any CPU.Build.0 = Release|Any CPU
		{A1970C12-75E5-47D4-A4A1-D4CC42369A0C}.Release|x64.ActiveCfg = Release|Any CPU
		{A1970C12-75E5-47D4-A4A1-D4CC42369A0C}.Release|x64.Build.0 = Release|Any CPU
		{A1970C12-75E5-47D4-A4A1-D4CC42369A0C}.Release|x86.ActiveCfg = Release|Any CPU
		{A1970C12-75E5-47D4-A4A1-D4CC42369A0C}.Release|x86.Build.0 = Release|Any CPU
		{9A4CA371-DBCD-4BC2-8BB8-4D197E7FDD6C}.Debug|Any CPU.ActiveCfg = Debug|Any CPU
		{9A4CA371-DBCD-4BC2-8BB8-4D197E7FDD6C}.Debug|Any CPU.Build.0 = Debug|Any CPU
		{9A4CA371-DBCD-4BC2-8BB8-4D197E7FDD6C}.Debug|x64.ActiveCfg = Debug|Any CPU
		{9A4CA371-DBCD-4BC2-8BB8-4D197E7FDD6C}.Debug|x64.Build.0 = Debug|Any CPU
		{9A4CA371-DBCD-4BC2-8BB8-4D197E7FDD6C}.Debug|x86.ActiveCfg = Debug|Any CPU
		{9A4CA371-DBCD-4BC2-8BB8-4D197E7FDD6C}.Debug|x86.Build.0 = Debug|Any CPU
		{9A4CA371-DBCD-4BC2-8BB8-4D197E7FDD6C}.Release|Any CPU.ActiveCfg = Release|Any CPU
		{9A4CA371-DBCD-4BC2-8BB8-4D197E7FDD6C}.Release|Any CPU.Build.0 = Release|Any CPU
		{9A4CA371-DBCD-4BC2-8BB8-4D197E7FDD6C}.Release|x64.ActiveCfg = Release|Any CPU
		{9A4CA371-DBCD-4BC2-8BB8-4D197E7FDD6C}.Release|x64.Build.0 = Release|Any CPU
		{9A4CA371-DBCD-4BC2-8BB8-4D197E7FDD6C}.Release|x86.ActiveCfg = Release|Any CPU
		{9A4CA371-DBCD-4BC2-8BB8-4D197E7FDD6C}.Release|x86.Build.0 = Release|Any CPU
		{F4D4BB91-061F-4207-9D79-293F4A60A299}.Debug|Any CPU.ActiveCfg = Debug|Any CPU
		{F4D4BB91-061F-4207-9D79-293F4A60A299}.Debug|Any CPU.Build.0 = Debug|Any CPU
		{F4D4BB91-061F-4207-9D79-293F4A60A299}.Debug|x64.ActiveCfg = Debug|Any CPU
		{F4D4BB91-061F-4207-9D79-293F4A60A299}.Debug|x64.Build.0 = Debug|Any CPU
		{F4D4BB91-061F-4207-9D79-293F4A60A299}.Debug|x86.ActiveCfg = Debug|Any CPU
		{F4D4BB91-061F-4207-9D79-293F4A60A299}.Debug|x86.Build.0 = Debug|Any CPU
		{F4D4BB91-061F-4207-9D79-293F4A60A299}.Release|Any CPU.ActiveCfg = Release|Any CPU
		{F4D4BB91-061F-4207-9D79-293F4A60A299}.Release|Any CPU.Build.0 = Release|Any CPU
		{F4D4BB91-061F-4207-9D79-293F4A60A299}.Release|x64.ActiveCfg = Release|Any CPU
		{F4D4BB91-061F-4207-9D79-293F4A60A299}.Release|x64.Build.0 = Release|Any CPU
		{F4D4BB91-061F-4207-9D79-293F4A60A299}.Release|x86.ActiveCfg = Release|Any CPU
		{F4D4BB91-061F-4207-9D79-293F4A60A299}.Release|x86.Build.0 = Release|Any CPU
		{2AEC4EEE-B227-43B8-A519-CFEE3C3ABBB9}.Debug|Any CPU.ActiveCfg = Debug|Any CPU
		{2AEC4EEE-B227-43B8-A519-CFEE3C3ABBB9}.Debug|Any CPU.Build.0 = Debug|Any CPU
		{2AEC4EEE-B227-43B8-A519-CFEE3C3ABBB9}.Debug|x64.ActiveCfg = Debug|Any CPU
		{2AEC4EEE-B227-43B8-A519-CFEE3C3ABBB9}.Debug|x64.Build.0 = Debug|Any CPU
		{2AEC4EEE-B227-43B8-A519-CFEE3C3ABBB9}.Debug|x86.ActiveCfg = Debug|Any CPU
		{2AEC4EEE-B227-43B8-A519-CFEE3C3ABBB9}.Debug|x86.Build.0 = Debug|Any CPU
		{2AEC4EEE-B227-43B8-A519-CFEE3C3ABBB9}.Release|Any CPU.ActiveCfg = Release|Any CPU
		{2AEC4EEE-B227-43B8-A519-CFEE3C3ABBB9}.Release|Any CPU.Build.0 = Release|Any CPU
		{2AEC4EEE-B227-43B8-A519-CFEE3C3ABBB9}.Release|x64.ActiveCfg = Release|Any CPU
		{2AEC4EEE-B227-43B8-A519-CFEE3C3ABBB9}.Release|x64.Build.0 = Release|Any CPU
		{2AEC4EEE-B227-43B8-A519-CFEE3C3ABBB9}.Release|x86.ActiveCfg = Release|Any CPU
		{2AEC4EEE-B227-43B8-A519-CFEE3C3ABBB9}.Release|x86.Build.0 = Release|Any CPU
		{E5D4651C-4292-4EC7-8D2B-60E10C0EA271}.Debug|Any CPU.ActiveCfg = Debug|Any CPU
		{E5D4651C-4292-4EC7-8D2B-60E10C0EA271}.Debug|Any CPU.Build.0 = Debug|Any CPU
		{E5D4651C-4292-4EC7-8D2B-60E10C0EA271}.Debug|x64.ActiveCfg = Debug|Any CPU
		{E5D4651C-4292-4EC7-8D2B-60E10C0EA271}.Debug|x64.Build.0 = Debug|Any CPU
		{E5D4651C-4292-4EC7-8D2B-60E10C0EA271}.Debug|x86.ActiveCfg = Debug|Any CPU
		{E5D4651C-4292-4EC7-8D2B-60E10C0EA271}.Debug|x86.Build.0 = Debug|Any CPU
		{E5D4651C-4292-4EC7-8D2B-60E10C0EA271}.Release|Any CPU.ActiveCfg = Release|Any CPU
		{E5D4651C-4292-4EC7-8D2B-60E10C0EA271}.Release|Any CPU.Build.0 = Release|Any CPU
		{E5D4651C-4292-4EC7-8D2B-60E10C0EA271}.Release|x64.ActiveCfg = Release|Any CPU
		{E5D4651C-4292-4EC7-8D2B-60E10C0EA271}.Release|x64.Build.0 = Release|Any CPU
		{E5D4651C-4292-4EC7-8D2B-60E10C0EA271}.Release|x86.ActiveCfg = Release|Any CPU
		{E5D4651C-4292-4EC7-8D2B-60E10C0EA271}.Release|x86.Build.0 = Release|Any CPU
		{8323F4F2-5747-4067-96B6-EE9402A9D13B}.Debug|Any CPU.ActiveCfg = Debug|Any CPU
		{8323F4F2-5747-4067-96B6-EE9402A9D13B}.Debug|Any CPU.Build.0 = Debug|Any CPU
		{8323F4F2-5747-4067-96B6-EE9402A9D13B}.Debug|x64.ActiveCfg = Debug|Any CPU
		{8323F4F2-5747-4067-96B6-EE9402A9D13B}.Debug|x64.Build.0 = Debug|Any CPU
		{8323F4F2-5747-4067-96B6-EE9402A9D13B}.Debug|x86.ActiveCfg = Debug|Any CPU
		{8323F4F2-5747-4067-96B6-EE9402A9D13B}.Debug|x86.Build.0 = Debug|Any CPU
		{8323F4F2-5747-4067-96B6-EE9402A9D13B}.Release|Any CPU.ActiveCfg = Release|Any CPU
		{8323F4F2-5747-4067-96B6-EE9402A9D13B}.Release|Any CPU.Build.0 = Release|Any CPU
		{8323F4F2-5747-4067-96B6-EE9402A9D13B}.Release|x64.ActiveCfg = Release|Any CPU
		{8323F4F2-5747-4067-96B6-EE9402A9D13B}.Release|x64.Build.0 = Release|Any CPU
		{8323F4F2-5747-4067-96B6-EE9402A9D13B}.Release|x86.ActiveCfg = Release|Any CPU
		{8323F4F2-5747-4067-96B6-EE9402A9D13B}.Release|x86.Build.0 = Release|Any CPU
		{9D9CD05A-9A57-4CC6-8AE1-65E50E95B6C3}.Debug|Any CPU.ActiveCfg = Debug|Any CPU
		{9D9CD05A-9A57-4CC6-8AE1-65E50E95B6C3}.Debug|Any CPU.Build.0 = Debug|Any CPU
		{9D9CD05A-9A57-4CC6-8AE1-65E50E95B6C3}.Debug|x64.ActiveCfg = Debug|Any CPU
		{9D9CD05A-9A57-4CC6-8AE1-65E50E95B6C3}.Debug|x64.Build.0 = Debug|Any CPU
		{9D9CD05A-9A57-4CC6-8AE1-65E50E95B6C3}.Debug|x86.ActiveCfg = Debug|Any CPU
		{9D9CD05A-9A57-4CC6-8AE1-65E50E95B6C3}.Debug|x86.Build.0 = Debug|Any CPU
		{9D9CD05A-9A57-4CC6-8AE1-65E50E95B6C3}.Release|Any CPU.ActiveCfg = Release|Any CPU
		{9D9CD05A-9A57-4CC6-8AE1-65E50E95B6C3}.Release|Any CPU.Build.0 = Release|Any CPU
		{9D9CD05A-9A57-4CC6-8AE1-65E50E95B6C3}.Release|x64.ActiveCfg = Release|Any CPU
		{9D9CD05A-9A57-4CC6-8AE1-65E50E95B6C3}.Release|x64.Build.0 = Release|Any CPU
		{9D9CD05A-9A57-4CC6-8AE1-65E50E95B6C3}.Release|x86.ActiveCfg = Release|Any CPU
		{9D9CD05A-9A57-4CC6-8AE1-65E50E95B6C3}.Release|x86.Build.0 = Release|Any CPU
		{770D4BA4-4005-4F32-8C97-D3FAC59C78A5}.Debug|Any CPU.ActiveCfg = Debug|Any CPU
		{770D4BA4-4005-4F32-8C97-D3FAC59C78A5}.Debug|Any CPU.Build.0 = Debug|Any CPU
		{770D4BA4-4005-4F32-8C97-D3FAC59C78A5}.Debug|x64.ActiveCfg = Debug|Any CPU
		{770D4BA4-4005-4F32-8C97-D3FAC59C78A5}.Debug|x64.Build.0 = Debug|Any CPU
		{770D4BA4-4005-4F32-8C97-D3FAC59C78A5}.Debug|x86.ActiveCfg = Debug|Any CPU
		{770D4BA4-4005-4F32-8C97-D3FAC59C78A5}.Debug|x86.Build.0 = Debug|Any CPU
		{770D4BA4-4005-4F32-8C97-D3FAC59C78A5}.Release|Any CPU.ActiveCfg = Release|Any CPU
		{770D4BA4-4005-4F32-8C97-D3FAC59C78A5}.Release|Any CPU.Build.0 = Release|Any CPU
		{770D4BA4-4005-4F32-8C97-D3FAC59C78A5}.Release|x64.ActiveCfg = Release|Any CPU
		{770D4BA4-4005-4F32-8C97-D3FAC59C78A5}.Release|x64.Build.0 = Release|Any CPU
		{770D4BA4-4005-4F32-8C97-D3FAC59C78A5}.Release|x86.ActiveCfg = Release|Any CPU
		{770D4BA4-4005-4F32-8C97-D3FAC59C78A5}.Release|x86.Build.0 = Release|Any CPU
		{5B8B0DAF-592A-41E4-8223-3D28860DBC25}.Debug|Any CPU.ActiveCfg = Debug|Any CPU
		{5B8B0DAF-592A-41E4-8223-3D28860DBC25}.Debug|Any CPU.Build.0 = Debug|Any CPU
		{5B8B0DAF-592A-41E4-8223-3D28860DBC25}.Debug|x64.ActiveCfg = Debug|Any CPU
		{5B8B0DAF-592A-41E4-8223-3D28860DBC25}.Debug|x64.Build.0 = Debug|Any CPU
		{5B8B0DAF-592A-41E4-8223-3D28860DBC25}.Debug|x86.ActiveCfg = Debug|Any CPU
		{5B8B0DAF-592A-41E4-8223-3D28860DBC25}.Debug|x86.Build.0 = Debug|Any CPU
		{5B8B0DAF-592A-41E4-8223-3D28860DBC25}.Release|Any CPU.ActiveCfg = Release|Any CPU
		{5B8B0DAF-592A-41E4-8223-3D28860DBC25}.Release|Any CPU.Build.0 = Release|Any CPU
		{5B8B0DAF-592A-41E4-8223-3D28860DBC25}.Release|x64.ActiveCfg = Release|Any CPU
		{5B8B0DAF-592A-41E4-8223-3D28860DBC25}.Release|x64.Build.0 = Release|Any CPU
		{5B8B0DAF-592A-41E4-8223-3D28860DBC25}.Release|x86.ActiveCfg = Release|Any CPU
		{5B8B0DAF-592A-41E4-8223-3D28860DBC25}.Release|x86.Build.0 = Release|Any CPU
		{F71012BE-D3AE-4808-9DC2-902B8893EB6E}.Debug|Any CPU.ActiveCfg = Debug|Any CPU
		{F71012BE-D3AE-4808-9DC2-902B8893EB6E}.Debug|Any CPU.Build.0 = Debug|Any CPU
		{F71012BE-D3AE-4808-9DC2-902B8893EB6E}.Debug|x64.ActiveCfg = Debug|Any CPU
		{F71012BE-D3AE-4808-9DC2-902B8893EB6E}.Debug|x64.Build.0 = Debug|Any CPU
		{F71012BE-D3AE-4808-9DC2-902B8893EB6E}.Debug|x86.ActiveCfg = Debug|Any CPU
		{F71012BE-D3AE-4808-9DC2-902B8893EB6E}.Debug|x86.Build.0 = Debug|Any CPU
		{F71012BE-D3AE-4808-9DC2-902B8893EB6E}.Release|Any CPU.ActiveCfg = Release|Any CPU
		{F71012BE-D3AE-4808-9DC2-902B8893EB6E}.Release|Any CPU.Build.0 = Release|Any CPU
		{F71012BE-D3AE-4808-9DC2-902B8893EB6E}.Release|x64.ActiveCfg = Release|Any CPU
		{F71012BE-D3AE-4808-9DC2-902B8893EB6E}.Release|x64.Build.0 = Release|Any CPU
		{F71012BE-D3AE-4808-9DC2-902B8893EB6E}.Release|x86.ActiveCfg = Release|Any CPU
		{F71012BE-D3AE-4808-9DC2-902B8893EB6E}.Release|x86.Build.0 = Release|Any CPU
		{2C60BB53-985F-4CFA-A3A3-FA3B700A34EC}.Debug|Any CPU.ActiveCfg = Debug|Any CPU
		{2C60BB53-985F-4CFA-A3A3-FA3B700A34EC}.Debug|Any CPU.Build.0 = Debug|Any CPU
		{2C60BB53-985F-4CFA-A3A3-FA3B700A34EC}.Debug|x64.ActiveCfg = Debug|Any CPU
		{2C60BB53-985F-4CFA-A3A3-FA3B700A34EC}.Debug|x64.Build.0 = Debug|Any CPU
		{2C60BB53-985F-4CFA-A3A3-FA3B700A34EC}.Debug|x86.ActiveCfg = Debug|Any CPU
		{2C60BB53-985F-4CFA-A3A3-FA3B700A34EC}.Debug|x86.Build.0 = Debug|Any CPU
		{2C60BB53-985F-4CFA-A3A3-FA3B700A34EC}.Release|Any CPU.ActiveCfg = Release|Any CPU
		{2C60BB53-985F-4CFA-A3A3-FA3B700A34EC}.Release|Any CPU.Build.0 = Release|Any CPU
		{2C60BB53-985F-4CFA-A3A3-FA3B700A34EC}.Release|x64.ActiveCfg = Release|Any CPU
		{2C60BB53-985F-4CFA-A3A3-FA3B700A34EC}.Release|x64.Build.0 = Release|Any CPU
		{2C60BB53-985F-4CFA-A3A3-FA3B700A34EC}.Release|x86.ActiveCfg = Release|Any CPU
		{2C60BB53-985F-4CFA-A3A3-FA3B700A34EC}.Release|x86.Build.0 = Release|Any CPU
		{D4655804-09FE-E6CD-A2B7-DA1AF66489D7}.Debug|Any CPU.ActiveCfg = Debug|Any CPU
		{D4655804-09FE-E6CD-A2B7-DA1AF66489D7}.Debug|Any CPU.Build.0 = Debug|Any CPU
		{D4655804-09FE-E6CD-A2B7-DA1AF66489D7}.Debug|x64.ActiveCfg = Debug|Any CPU
		{D4655804-09FE-E6CD-A2B7-DA1AF66489D7}.Debug|x64.Build.0 = Debug|Any CPU
		{D4655804-09FE-E6CD-A2B7-DA1AF66489D7}.Debug|x86.ActiveCfg = Debug|Any CPU
		{D4655804-09FE-E6CD-A2B7-DA1AF66489D7}.Debug|x86.Build.0 = Debug|Any CPU
		{D4655804-09FE-E6CD-A2B7-DA1AF66489D7}.Release|Any CPU.ActiveCfg = Release|Any CPU
		{D4655804-09FE-E6CD-A2B7-DA1AF66489D7}.Release|Any CPU.Build.0 = Release|Any CPU
		{D4655804-09FE-E6CD-A2B7-DA1AF66489D7}.Release|x64.ActiveCfg = Release|Any CPU
		{D4655804-09FE-E6CD-A2B7-DA1AF66489D7}.Release|x64.Build.0 = Release|Any CPU
		{D4655804-09FE-E6CD-A2B7-DA1AF66489D7}.Release|x86.ActiveCfg = Release|Any CPU
		{D4655804-09FE-E6CD-A2B7-DA1AF66489D7}.Release|x86.Build.0 = Release|Any CPU
		{F77DFB1E-45C5-1DCF-6FE3-BE467D9600E6}.Debug|Any CPU.ActiveCfg = Debug|Any CPU
		{F77DFB1E-45C5-1DCF-6FE3-BE467D9600E6}.Debug|Any CPU.Build.0 = Debug|Any CPU
		{F77DFB1E-45C5-1DCF-6FE3-BE467D9600E6}.Debug|x64.ActiveCfg = Debug|Any CPU
		{F77DFB1E-45C5-1DCF-6FE3-BE467D9600E6}.Debug|x64.Build.0 = Debug|Any CPU
		{F77DFB1E-45C5-1DCF-6FE3-BE467D9600E6}.Debug|x86.ActiveCfg = Debug|Any CPU
		{F77DFB1E-45C5-1DCF-6FE3-BE467D9600E6}.Debug|x86.Build.0 = Debug|Any CPU
		{F77DFB1E-45C5-1DCF-6FE3-BE467D9600E6}.Release|Any CPU.ActiveCfg = Release|Any CPU
		{F77DFB1E-45C5-1DCF-6FE3-BE467D9600E6}.Release|Any CPU.Build.0 = Release|Any CPU
		{F77DFB1E-45C5-1DCF-6FE3-BE467D9600E6}.Release|x64.ActiveCfg = Release|Any CPU
		{F77DFB1E-45C5-1DCF-6FE3-BE467D9600E6}.Release|x64.Build.0 = Release|Any CPU
		{F77DFB1E-45C5-1DCF-6FE3-BE467D9600E6}.Release|x86.ActiveCfg = Release|Any CPU
		{F77DFB1E-45C5-1DCF-6FE3-BE467D9600E6}.Release|x86.Build.0 = Release|Any CPU
		{56357FAF-7E50-38FC-06AF-9B51C7D1D8F3}.Debug|Any CPU.ActiveCfg = Debug|Any CPU
		{56357FAF-7E50-38FC-06AF-9B51C7D1D8F3}.Debug|Any CPU.Build.0 = Debug|Any CPU
		{56357FAF-7E50-38FC-06AF-9B51C7D1D8F3}.Debug|x64.ActiveCfg = Debug|Any CPU
		{56357FAF-7E50-38FC-06AF-9B51C7D1D8F3}.Debug|x64.Build.0 = Debug|Any CPU
		{56357FAF-7E50-38FC-06AF-9B51C7D1D8F3}.Debug|x86.ActiveCfg = Debug|Any CPU
		{56357FAF-7E50-38FC-06AF-9B51C7D1D8F3}.Debug|x86.Build.0 = Debug|Any CPU
		{56357FAF-7E50-38FC-06AF-9B51C7D1D8F3}.Release|Any CPU.ActiveCfg = Release|Any CPU
		{56357FAF-7E50-38FC-06AF-9B51C7D1D8F3}.Release|Any CPU.Build.0 = Release|Any CPU
		{56357FAF-7E50-38FC-06AF-9B51C7D1D8F3}.Release|x64.ActiveCfg = Release|Any CPU
		{56357FAF-7E50-38FC-06AF-9B51C7D1D8F3}.Release|x64.Build.0 = Release|Any CPU
		{56357FAF-7E50-38FC-06AF-9B51C7D1D8F3}.Release|x86.ActiveCfg = Release|Any CPU
		{56357FAF-7E50-38FC-06AF-9B51C7D1D8F3}.Release|x86.Build.0 = Release|Any CPU
		{AC726486-C8BD-E955-8904-B2D4E67D357C}.Debug|Any CPU.ActiveCfg = Debug|Any CPU
		{AC726486-C8BD-E955-8904-B2D4E67D357C}.Debug|Any CPU.Build.0 = Debug|Any CPU
		{AC726486-C8BD-E955-8904-B2D4E67D357C}.Debug|x64.ActiveCfg = Debug|Any CPU
		{AC726486-C8BD-E955-8904-B2D4E67D357C}.Debug|x64.Build.0 = Debug|Any CPU
		{AC726486-C8BD-E955-8904-B2D4E67D357C}.Debug|x86.ActiveCfg = Debug|Any CPU
		{AC726486-C8BD-E955-8904-B2D4E67D357C}.Debug|x86.Build.0 = Debug|Any CPU
		{AC726486-C8BD-E955-8904-B2D4E67D357C}.Release|Any CPU.ActiveCfg = Release|Any CPU
		{AC726486-C8BD-E955-8904-B2D4E67D357C}.Release|Any CPU.Build.0 = Release|Any CPU
		{AC726486-C8BD-E955-8904-B2D4E67D357C}.Release|x64.ActiveCfg = Release|Any CPU
		{AC726486-C8BD-E955-8904-B2D4E67D357C}.Release|x64.Build.0 = Release|Any CPU
		{AC726486-C8BD-E955-8904-B2D4E67D357C}.Release|x86.ActiveCfg = Release|Any CPU
		{AC726486-C8BD-E955-8904-B2D4E67D357C}.Release|x86.Build.0 = Release|Any CPU
		{4576E3AE-3D6F-4736-AF98-40BCCB4DD0C2}.Debug|Any CPU.ActiveCfg = Debug|Any CPU
		{4576E3AE-3D6F-4736-AF98-40BCCB4DD0C2}.Debug|Any CPU.Build.0 = Debug|Any CPU
		{4576E3AE-3D6F-4736-AF98-40BCCB4DD0C2}.Debug|x64.ActiveCfg = Debug|Any CPU
		{4576E3AE-3D6F-4736-AF98-40BCCB4DD0C2}.Debug|x64.Build.0 = Debug|Any CPU
		{4576E3AE-3D6F-4736-AF98-40BCCB4DD0C2}.Debug|x86.ActiveCfg = Debug|Any CPU
		{4576E3AE-3D6F-4736-AF98-40BCCB4DD0C2}.Debug|x86.Build.0 = Debug|Any CPU
		{4576E3AE-3D6F-4736-AF98-40BCCB4DD0C2}.Release|Any CPU.ActiveCfg = Release|Any CPU
		{4576E3AE-3D6F-4736-AF98-40BCCB4DD0C2}.Release|Any CPU.Build.0 = Release|Any CPU
		{4576E3AE-3D6F-4736-AF98-40BCCB4DD0C2}.Release|x64.ActiveCfg = Release|Any CPU
		{4576E3AE-3D6F-4736-AF98-40BCCB4DD0C2}.Release|x64.Build.0 = Release|Any CPU
		{4576E3AE-3D6F-4736-AF98-40BCCB4DD0C2}.Release|x86.ActiveCfg = Release|Any CPU
		{4576E3AE-3D6F-4736-AF98-40BCCB4DD0C2}.Release|x86.Build.0 = Release|Any CPU
		{E8E588E9-86BD-47BE-A7F2-253C162AF207}.Debug|Any CPU.ActiveCfg = Debug|Any CPU
		{E8E588E9-86BD-47BE-A7F2-253C162AF207}.Debug|Any CPU.Build.0 = Debug|Any CPU
		{E8E588E9-86BD-47BE-A7F2-253C162AF207}.Debug|x64.ActiveCfg = Debug|Any CPU
		{E8E588E9-86BD-47BE-A7F2-253C162AF207}.Debug|x64.Build.0 = Debug|Any CPU
		{E8E588E9-86BD-47BE-A7F2-253C162AF207}.Debug|x86.ActiveCfg = Debug|Any CPU
		{E8E588E9-86BD-47BE-A7F2-253C162AF207}.Debug|x86.Build.0 = Debug|Any CPU
		{E8E588E9-86BD-47BE-A7F2-253C162AF207}.Release|Any CPU.ActiveCfg = Release|Any CPU
		{E8E588E9-86BD-47BE-A7F2-253C162AF207}.Release|Any CPU.Build.0 = Release|Any CPU
		{E8E588E9-86BD-47BE-A7F2-253C162AF207}.Release|x64.ActiveCfg = Release|Any CPU
		{E8E588E9-86BD-47BE-A7F2-253C162AF207}.Release|x64.Build.0 = Release|Any CPU
		{E8E588E9-86BD-47BE-A7F2-253C162AF207}.Release|x86.ActiveCfg = Release|Any CPU
		{E8E588E9-86BD-47BE-A7F2-253C162AF207}.Release|x86.Build.0 = Release|Any CPU
		{05EB386F-1F93-4977-94F2-CC41AF5C7D62}.Debug|Any CPU.ActiveCfg = Debug|Any CPU
		{05EB386F-1F93-4977-94F2-CC41AF5C7D62}.Debug|Any CPU.Build.0 = Debug|Any CPU
		{05EB386F-1F93-4977-94F2-CC41AF5C7D62}.Debug|x64.ActiveCfg = Debug|Any CPU
		{05EB386F-1F93-4977-94F2-CC41AF5C7D62}.Debug|x64.Build.0 = Debug|Any CPU
		{05EB386F-1F93-4977-94F2-CC41AF5C7D62}.Debug|x86.ActiveCfg = Debug|Any CPU
		{05EB386F-1F93-4977-94F2-CC41AF5C7D62}.Debug|x86.Build.0 = Debug|Any CPU
		{05EB386F-1F93-4977-94F2-CC41AF5C7D62}.Release|Any CPU.ActiveCfg = Release|Any CPU
		{05EB386F-1F93-4977-94F2-CC41AF5C7D62}.Release|Any CPU.Build.0 = Release|Any CPU
		{05EB386F-1F93-4977-94F2-CC41AF5C7D62}.Release|x64.ActiveCfg = Release|Any CPU
		{05EB386F-1F93-4977-94F2-CC41AF5C7D62}.Release|x64.Build.0 = Release|Any CPU
		{05EB386F-1F93-4977-94F2-CC41AF5C7D62}.Release|x86.ActiveCfg = Release|Any CPU
		{05EB386F-1F93-4977-94F2-CC41AF5C7D62}.Release|x86.Build.0 = Release|Any CPU
		{B560F303-3E58-4AF8-A7CC-F786AC0A220D}.Debug|Any CPU.ActiveCfg = Debug|Any CPU
		{B560F303-3E58-4AF8-A7CC-F786AC0A220D}.Debug|Any CPU.Build.0 = Debug|Any CPU
		{B560F303-3E58-4AF8-A7CC-F786AC0A220D}.Debug|x64.ActiveCfg = Debug|Any CPU
		{B560F303-3E58-4AF8-A7CC-F786AC0A220D}.Debug|x64.Build.0 = Debug|Any CPU
		{B560F303-3E58-4AF8-A7CC-F786AC0A220D}.Debug|x86.ActiveCfg = Debug|Any CPU
		{B560F303-3E58-4AF8-A7CC-F786AC0A220D}.Debug|x86.Build.0 = Debug|Any CPU
		{B560F303-3E58-4AF8-A7CC-F786AC0A220D}.Release|Any CPU.ActiveCfg = Release|Any CPU
		{B560F303-3E58-4AF8-A7CC-F786AC0A220D}.Release|Any CPU.Build.0 = Release|Any CPU
		{B560F303-3E58-4AF8-A7CC-F786AC0A220D}.Release|x64.ActiveCfg = Release|Any CPU
		{B560F303-3E58-4AF8-A7CC-F786AC0A220D}.Release|x64.Build.0 = Release|Any CPU
		{B560F303-3E58-4AF8-A7CC-F786AC0A220D}.Release|x86.ActiveCfg = Release|Any CPU
		{B560F303-3E58-4AF8-A7CC-F786AC0A220D}.Release|x86.Build.0 = Release|Any CPU
		{87B56B9E-4EEF-40F4-94D3-472B93433747}.Debug|Any CPU.ActiveCfg = Debug|Any CPU
		{87B56B9E-4EEF-40F4-94D3-472B93433747}.Debug|Any CPU.Build.0 = Debug|Any CPU
		{87B56B9E-4EEF-40F4-94D3-472B93433747}.Debug|x64.ActiveCfg = Debug|Any CPU
		{87B56B9E-4EEF-40F4-94D3-472B93433747}.Debug|x64.Build.0 = Debug|Any CPU
		{87B56B9E-4EEF-40F4-94D3-472B93433747}.Debug|x86.ActiveCfg = Debug|Any CPU
		{87B56B9E-4EEF-40F4-94D3-472B93433747}.Debug|x86.Build.0 = Debug|Any CPU
		{87B56B9E-4EEF-40F4-94D3-472B93433747}.Release|Any CPU.ActiveCfg = Release|Any CPU
		{87B56B9E-4EEF-40F4-94D3-472B93433747}.Release|Any CPU.Build.0 = Release|Any CPU
		{87B56B9E-4EEF-40F4-94D3-472B93433747}.Release|x64.ActiveCfg = Release|Any CPU
		{87B56B9E-4EEF-40F4-94D3-472B93433747}.Release|x64.Build.0 = Release|Any CPU
		{87B56B9E-4EEF-40F4-94D3-472B93433747}.Release|x86.ActiveCfg = Release|Any CPU
		{87B56B9E-4EEF-40F4-94D3-472B93433747}.Release|x86.Build.0 = Release|Any CPU
		{F081ED58-5B44-43B0-9385-CDB82BAD1D11}.Debug|Any CPU.ActiveCfg = Debug|Any CPU
		{F081ED58-5B44-43B0-9385-CDB82BAD1D11}.Debug|Any CPU.Build.0 = Debug|Any CPU
		{F081ED58-5B44-43B0-9385-CDB82BAD1D11}.Debug|x64.ActiveCfg = Debug|Any CPU
		{F081ED58-5B44-43B0-9385-CDB82BAD1D11}.Debug|x64.Build.0 = Debug|Any CPU
		{F081ED58-5B44-43B0-9385-CDB82BAD1D11}.Debug|x86.ActiveCfg = Debug|Any CPU
		{F081ED58-5B44-43B0-9385-CDB82BAD1D11}.Debug|x86.Build.0 = Debug|Any CPU
		{F081ED58-5B44-43B0-9385-CDB82BAD1D11}.Release|Any CPU.ActiveCfg = Release|Any CPU
		{F081ED58-5B44-43B0-9385-CDB82BAD1D11}.Release|Any CPU.Build.0 = Release|Any CPU
		{F081ED58-5B44-43B0-9385-CDB82BAD1D11}.Release|x64.ActiveCfg = Release|Any CPU
		{F081ED58-5B44-43B0-9385-CDB82BAD1D11}.Release|x64.Build.0 = Release|Any CPU
		{F081ED58-5B44-43B0-9385-CDB82BAD1D11}.Release|x86.ActiveCfg = Release|Any CPU
		{F081ED58-5B44-43B0-9385-CDB82BAD1D11}.Release|x86.Build.0 = Release|Any CPU
		{1EE55AA6-DC54-478F-828C-1703285FC478}.Debug|Any CPU.ActiveCfg = Debug|Any CPU
		{1EE55AA6-DC54-478F-828C-1703285FC478}.Debug|Any CPU.Build.0 = Debug|Any CPU
		{1EE55AA6-DC54-478F-828C-1703285FC478}.Debug|x64.ActiveCfg = Debug|Any CPU
		{1EE55AA6-DC54-478F-828C-1703285FC478}.Debug|x64.Build.0 = Debug|Any CPU
		{1EE55AA6-DC54-478F-828C-1703285FC478}.Debug|x86.ActiveCfg = Debug|Any CPU
		{1EE55AA6-DC54-478F-828C-1703285FC478}.Debug|x86.Build.0 = Debug|Any CPU
		{1EE55AA6-DC54-478F-828C-1703285FC478}.Release|Any CPU.ActiveCfg = Release|Any CPU
		{1EE55AA6-DC54-478F-828C-1703285FC478}.Release|Any CPU.Build.0 = Release|Any CPU
		{1EE55AA6-DC54-478F-828C-1703285FC478}.Release|x64.ActiveCfg = Release|Any CPU
		{1EE55AA6-DC54-478F-828C-1703285FC478}.Release|x64.Build.0 = Release|Any CPU
		{1EE55AA6-DC54-478F-828C-1703285FC478}.Release|x86.ActiveCfg = Release|Any CPU
		{1EE55AA6-DC54-478F-828C-1703285FC478}.Release|x86.Build.0 = Release|Any CPU
		{552A370D-DB66-46A4-88FD-8F83AE7C28DD}.Debug|Any CPU.ActiveCfg = Debug|Any CPU
		{552A370D-DB66-46A4-88FD-8F83AE7C28DD}.Debug|Any CPU.Build.0 = Debug|Any CPU
		{552A370D-DB66-46A4-88FD-8F83AE7C28DD}.Debug|x64.ActiveCfg = Debug|Any CPU
		{552A370D-DB66-46A4-88FD-8F83AE7C28DD}.Debug|x64.Build.0 = Debug|Any CPU
		{552A370D-DB66-46A4-88FD-8F83AE7C28DD}.Debug|x86.ActiveCfg = Debug|Any CPU
		{552A370D-DB66-46A4-88FD-8F83AE7C28DD}.Debug|x86.Build.0 = Debug|Any CPU
		{552A370D-DB66-46A4-88FD-8F83AE7C28DD}.Release|Any CPU.ActiveCfg = Release|Any CPU
		{552A370D-DB66-46A4-88FD-8F83AE7C28DD}.Release|Any CPU.Build.0 = Release|Any CPU
		{552A370D-DB66-46A4-88FD-8F83AE7C28DD}.Release|x64.ActiveCfg = Release|Any CPU
		{552A370D-DB66-46A4-88FD-8F83AE7C28DD}.Release|x64.Build.0 = Release|Any CPU
		{552A370D-DB66-46A4-88FD-8F83AE7C28DD}.Release|x86.ActiveCfg = Release|Any CPU
		{552A370D-DB66-46A4-88FD-8F83AE7C28DD}.Release|x86.Build.0 = Release|Any CPU
		{BCB87A84-60EB-4DE4-BA9B-2775992ACF82}.Debug|Any CPU.ActiveCfg = Debug|Any CPU
		{BCB87A84-60EB-4DE4-BA9B-2775992ACF82}.Debug|Any CPU.Build.0 = Debug|Any CPU
		{BCB87A84-60EB-4DE4-BA9B-2775992ACF82}.Debug|x64.ActiveCfg = Debug|Any CPU
		{BCB87A84-60EB-4DE4-BA9B-2775992ACF82}.Debug|x64.Build.0 = Debug|Any CPU
		{BCB87A84-60EB-4DE4-BA9B-2775992ACF82}.Debug|x86.ActiveCfg = Debug|Any CPU
		{BCB87A84-60EB-4DE4-BA9B-2775992ACF82}.Debug|x86.Build.0 = Debug|Any CPU
		{BCB87A84-60EB-4DE4-BA9B-2775992ACF82}.Release|Any CPU.ActiveCfg = Release|Any CPU
		{BCB87A84-60EB-4DE4-BA9B-2775992ACF82}.Release|Any CPU.Build.0 = Release|Any CPU
		{BCB87A84-60EB-4DE4-BA9B-2775992ACF82}.Release|x64.ActiveCfg = Release|Any CPU
		{BCB87A84-60EB-4DE4-BA9B-2775992ACF82}.Release|x64.Build.0 = Release|Any CPU
		{BCB87A84-60EB-4DE4-BA9B-2775992ACF82}.Release|x86.ActiveCfg = Release|Any CPU
		{BCB87A84-60EB-4DE4-BA9B-2775992ACF82}.Release|x86.Build.0 = Release|Any CPU
		{81F9B0B5-72A8-438D-86AE-81C2716D19A4}.Debug|Any CPU.ActiveCfg = Debug|Any CPU
		{81F9B0B5-72A8-438D-86AE-81C2716D19A4}.Debug|Any CPU.Build.0 = Debug|Any CPU
		{81F9B0B5-72A8-438D-86AE-81C2716D19A4}.Debug|x64.ActiveCfg = Debug|Any CPU
		{81F9B0B5-72A8-438D-86AE-81C2716D19A4}.Debug|x64.Build.0 = Debug|Any CPU
		{81F9B0B5-72A8-438D-86AE-81C2716D19A4}.Debug|x86.ActiveCfg = Debug|Any CPU
		{81F9B0B5-72A8-438D-86AE-81C2716D19A4}.Debug|x86.Build.0 = Debug|Any CPU
		{81F9B0B5-72A8-438D-86AE-81C2716D19A4}.Release|Any CPU.ActiveCfg = Release|Any CPU
		{81F9B0B5-72A8-438D-86AE-81C2716D19A4}.Release|Any CPU.Build.0 = Release|Any CPU
		{81F9B0B5-72A8-438D-86AE-81C2716D19A4}.Release|x64.ActiveCfg = Release|Any CPU
		{81F9B0B5-72A8-438D-86AE-81C2716D19A4}.Release|x64.Build.0 = Release|Any CPU
		{81F9B0B5-72A8-438D-86AE-81C2716D19A4}.Release|x86.ActiveCfg = Release|Any CPU
		{81F9B0B5-72A8-438D-86AE-81C2716D19A4}.Release|x86.Build.0 = Release|Any CPU
		{75414AE7-0D87-43E2-8A17-B50FB89839AB}.Debug|Any CPU.ActiveCfg = Debug|Any CPU
		{75414AE7-0D87-43E2-8A17-B50FB89839AB}.Debug|Any CPU.Build.0 = Debug|Any CPU
		{75414AE7-0D87-43E2-8A17-B50FB89839AB}.Debug|x64.ActiveCfg = Debug|Any CPU
		{75414AE7-0D87-43E2-8A17-B50FB89839AB}.Debug|x64.Build.0 = Debug|Any CPU
		{75414AE7-0D87-43E2-8A17-B50FB89839AB}.Debug|x86.ActiveCfg = Debug|Any CPU
		{75414AE7-0D87-43E2-8A17-B50FB89839AB}.Debug|x86.Build.0 = Debug|Any CPU
		{75414AE7-0D87-43E2-8A17-B50FB89839AB}.Release|Any CPU.ActiveCfg = Release|Any CPU
		{75414AE7-0D87-43E2-8A17-B50FB89839AB}.Release|Any CPU.Build.0 = Release|Any CPU
		{75414AE7-0D87-43E2-8A17-B50FB89839AB}.Release|x64.ActiveCfg = Release|Any CPU
		{75414AE7-0D87-43E2-8A17-B50FB89839AB}.Release|x64.Build.0 = Release|Any CPU
		{75414AE7-0D87-43E2-8A17-B50FB89839AB}.Release|x86.ActiveCfg = Release|Any CPU
		{75414AE7-0D87-43E2-8A17-B50FB89839AB}.Release|x86.Build.0 = Release|Any CPU
		{F10D459E-77E8-4A44-BA00-2E52AF8EE9B2}.Debug|Any CPU.ActiveCfg = Debug|Any CPU
		{F10D459E-77E8-4A44-BA00-2E52AF8EE9B2}.Debug|Any CPU.Build.0 = Debug|Any CPU
		{F10D459E-77E8-4A44-BA00-2E52AF8EE9B2}.Debug|x64.ActiveCfg = Debug|Any CPU
		{F10D459E-77E8-4A44-BA00-2E52AF8EE9B2}.Debug|x64.Build.0 = Debug|Any CPU
		{F10D459E-77E8-4A44-BA00-2E52AF8EE9B2}.Debug|x86.ActiveCfg = Debug|Any CPU
		{F10D459E-77E8-4A44-BA00-2E52AF8EE9B2}.Debug|x86.Build.0 = Debug|Any CPU
		{F10D459E-77E8-4A44-BA00-2E52AF8EE9B2}.Release|Any CPU.ActiveCfg = Release|Any CPU
		{F10D459E-77E8-4A44-BA00-2E52AF8EE9B2}.Release|Any CPU.Build.0 = Release|Any CPU
		{F10D459E-77E8-4A44-BA00-2E52AF8EE9B2}.Release|x64.ActiveCfg = Release|Any CPU
		{F10D459E-77E8-4A44-BA00-2E52AF8EE9B2}.Release|x64.Build.0 = Release|Any CPU
		{F10D459E-77E8-4A44-BA00-2E52AF8EE9B2}.Release|x86.ActiveCfg = Release|Any CPU
		{F10D459E-77E8-4A44-BA00-2E52AF8EE9B2}.Release|x86.Build.0 = Release|Any CPU
		{D318263A-7943-4790-B32C-B28A65B34B3D}.Debug|Any CPU.ActiveCfg = Debug|Any CPU
		{D318263A-7943-4790-B32C-B28A65B34B3D}.Debug|Any CPU.Build.0 = Debug|Any CPU
		{D318263A-7943-4790-B32C-B28A65B34B3D}.Debug|x64.ActiveCfg = Debug|Any CPU
		{D318263A-7943-4790-B32C-B28A65B34B3D}.Debug|x64.Build.0 = Debug|Any CPU
		{D318263A-7943-4790-B32C-B28A65B34B3D}.Debug|x86.ActiveCfg = Debug|Any CPU
		{D318263A-7943-4790-B32C-B28A65B34B3D}.Debug|x86.Build.0 = Debug|Any CPU
		{D318263A-7943-4790-B32C-B28A65B34B3D}.Release|Any CPU.ActiveCfg = Release|Any CPU
		{D318263A-7943-4790-B32C-B28A65B34B3D}.Release|Any CPU.Build.0 = Release|Any CPU
		{D318263A-7943-4790-B32C-B28A65B34B3D}.Release|x64.ActiveCfg = Release|Any CPU
		{D318263A-7943-4790-B32C-B28A65B34B3D}.Release|x64.Build.0 = Release|Any CPU
		{D318263A-7943-4790-B32C-B28A65B34B3D}.Release|x86.ActiveCfg = Release|Any CPU
		{D318263A-7943-4790-B32C-B28A65B34B3D}.Release|x86.Build.0 = Release|Any CPU
		{4F7FF74F-93E0-4702-A995-A4C81B066245}.Debug|Any CPU.ActiveCfg = Debug|Any CPU
		{4F7FF74F-93E0-4702-A995-A4C81B066245}.Debug|Any CPU.Build.0 = Debug|Any CPU
		{4F7FF74F-93E0-4702-A995-A4C81B066245}.Debug|x64.ActiveCfg = Debug|Any CPU
		{4F7FF74F-93E0-4702-A995-A4C81B066245}.Debug|x64.Build.0 = Debug|Any CPU
		{4F7FF74F-93E0-4702-A995-A4C81B066245}.Debug|x86.ActiveCfg = Debug|Any CPU
		{4F7FF74F-93E0-4702-A995-A4C81B066245}.Debug|x86.Build.0 = Debug|Any CPU
		{4F7FF74F-93E0-4702-A995-A4C81B066245}.Release|Any CPU.ActiveCfg = Release|Any CPU
		{4F7FF74F-93E0-4702-A995-A4C81B066245}.Release|Any CPU.Build.0 = Release|Any CPU
		{4F7FF74F-93E0-4702-A995-A4C81B066245}.Release|x64.ActiveCfg = Release|Any CPU
		{4F7FF74F-93E0-4702-A995-A4C81B066245}.Release|x64.Build.0 = Release|Any CPU
		{4F7FF74F-93E0-4702-A995-A4C81B066245}.Release|x86.ActiveCfg = Release|Any CPU
		{4F7FF74F-93E0-4702-A995-A4C81B066245}.Release|x86.Build.0 = Release|Any CPU
		{98169D5E-B38E-4B95-94EF-CAB7A276A3D5}.Debug|Any CPU.ActiveCfg = Debug|Any CPU
		{98169D5E-B38E-4B95-94EF-CAB7A276A3D5}.Debug|Any CPU.Build.0 = Debug|Any CPU
		{98169D5E-B38E-4B95-94EF-CAB7A276A3D5}.Debug|x64.ActiveCfg = Debug|Any CPU
		{98169D5E-B38E-4B95-94EF-CAB7A276A3D5}.Debug|x64.Build.0 = Debug|Any CPU
		{98169D5E-B38E-4B95-94EF-CAB7A276A3D5}.Debug|x86.ActiveCfg = Debug|Any CPU
		{98169D5E-B38E-4B95-94EF-CAB7A276A3D5}.Debug|x86.Build.0 = Debug|Any CPU
		{98169D5E-B38E-4B95-94EF-CAB7A276A3D5}.Release|Any CPU.ActiveCfg = Release|Any CPU
		{98169D5E-B38E-4B95-94EF-CAB7A276A3D5}.Release|Any CPU.Build.0 = Release|Any CPU
		{98169D5E-B38E-4B95-94EF-CAB7A276A3D5}.Release|x64.ActiveCfg = Release|Any CPU
		{98169D5E-B38E-4B95-94EF-CAB7A276A3D5}.Release|x64.Build.0 = Release|Any CPU
		{98169D5E-B38E-4B95-94EF-CAB7A276A3D5}.Release|x86.ActiveCfg = Release|Any CPU
		{98169D5E-B38E-4B95-94EF-CAB7A276A3D5}.Release|x86.Build.0 = Release|Any CPU
		{EE30CDA7-93EA-4B2A-A767-BE66417C932C}.Debug|Any CPU.ActiveCfg = Debug|Any CPU
		{EE30CDA7-93EA-4B2A-A767-BE66417C932C}.Debug|Any CPU.Build.0 = Debug|Any CPU
		{EE30CDA7-93EA-4B2A-A767-BE66417C932C}.Debug|x64.ActiveCfg = Debug|Any CPU
		{EE30CDA7-93EA-4B2A-A767-BE66417C932C}.Debug|x64.Build.0 = Debug|Any CPU
		{EE30CDA7-93EA-4B2A-A767-BE66417C932C}.Debug|x86.ActiveCfg = Debug|Any CPU
		{EE30CDA7-93EA-4B2A-A767-BE66417C932C}.Debug|x86.Build.0 = Debug|Any CPU
		{EE30CDA7-93EA-4B2A-A767-BE66417C932C}.Release|Any CPU.ActiveCfg = Release|Any CPU
		{EE30CDA7-93EA-4B2A-A767-BE66417C932C}.Release|Any CPU.Build.0 = Release|Any CPU
		{EE30CDA7-93EA-4B2A-A767-BE66417C932C}.Release|x64.ActiveCfg = Release|Any CPU
		{EE30CDA7-93EA-4B2A-A767-BE66417C932C}.Release|x64.Build.0 = Release|Any CPU
		{EE30CDA7-93EA-4B2A-A767-BE66417C932C}.Release|x86.ActiveCfg = Release|Any CPU
		{EE30CDA7-93EA-4B2A-A767-BE66417C932C}.Release|x86.Build.0 = Release|Any CPU
		{832E3451-A25E-41EC-AFF8-8354A588CC6A}.Debug|Any CPU.ActiveCfg = Debug|Any CPU
		{832E3451-A25E-41EC-AFF8-8354A588CC6A}.Debug|Any CPU.Build.0 = Debug|Any CPU
		{832E3451-A25E-41EC-AFF8-8354A588CC6A}.Debug|x64.ActiveCfg = Debug|Any CPU
		{832E3451-A25E-41EC-AFF8-8354A588CC6A}.Debug|x64.Build.0 = Debug|Any CPU
		{832E3451-A25E-41EC-AFF8-8354A588CC6A}.Debug|x86.ActiveCfg = Debug|Any CPU
		{832E3451-A25E-41EC-AFF8-8354A588CC6A}.Debug|x86.Build.0 = Debug|Any CPU
		{832E3451-A25E-41EC-AFF8-8354A588CC6A}.Release|Any CPU.ActiveCfg = Release|Any CPU
		{832E3451-A25E-41EC-AFF8-8354A588CC6A}.Release|Any CPU.Build.0 = Release|Any CPU
		{832E3451-A25E-41EC-AFF8-8354A588CC6A}.Release|x64.ActiveCfg = Release|Any CPU
		{832E3451-A25E-41EC-AFF8-8354A588CC6A}.Release|x64.Build.0 = Release|Any CPU
		{832E3451-A25E-41EC-AFF8-8354A588CC6A}.Release|x86.ActiveCfg = Release|Any CPU
		{832E3451-A25E-41EC-AFF8-8354A588CC6A}.Release|x86.Build.0 = Release|Any CPU
	EndGlobalSection
	GlobalSection(SolutionProperties) = preSolution
		HideSolutionNode = FALSE
	EndGlobalSection
	GlobalSection(NestedProjects) = preSolution
		{D03EFA76-E947-4016-97E6-5DB5CEC6AA44} = {D95951C7-4A05-4729-8DE9-B87A4F3D686A}
		{A199D52E-8741-45F3-ABCB-CE62F3B4829F} = {D95951C7-4A05-4729-8DE9-B87A4F3D686A}
		{778FDF47-9C45-48F9-9DEF-561B9328E31E} = {D95951C7-4A05-4729-8DE9-B87A4F3D686A}
		{78AFA3DF-F06F-406F-859F-552B1A6B45F7} = {D95951C7-4A05-4729-8DE9-B87A4F3D686A}
		{1F4DDABB-85D6-4AC0-ABBE-F14E94EACBAC} = {D03EFA76-E947-4016-97E6-5DB5CEC6AA44}
		{0218C6A5-E179-4B31-95A4-49A0E3DCD5FB} = {D03EFA76-E947-4016-97E6-5DB5CEC6AA44}
		{8FB51E4E-BC28-451D-A2E2-C5D8BCA2D831} = {D95951C7-4A05-4729-8DE9-B87A4F3D686A}
		{67C19008-C674-45C7-91DF-70EFA1C374CF} = {778FDF47-9C45-48F9-9DEF-561B9328E31E}
		{D3631310-1A4F-45B7-A243-B8F28D8076B3} = {778FDF47-9C45-48F9-9DEF-561B9328E31E}
		{EC35F150-0014-404B-8558-0A03B060C925} = {778FDF47-9C45-48F9-9DEF-561B9328E31E}
		{8996875B-4EE1-4F8F-A465-CCFA8FBED631} = {778FDF47-9C45-48F9-9DEF-561B9328E31E}
		{A21B5ED5-1B44-4015-9C2E-15ACF3A2FE3D} = {D03EFA76-E947-4016-97E6-5DB5CEC6AA44}
		{81732103-AF59-4B2C-A7CD-C1A06E579251} = {D03EFA76-E947-4016-97E6-5DB5CEC6AA44}
		{F6A5EAEB-7121-415F-9B74-6EFAB249CE2B} = {A199D52E-8741-45F3-ABCB-CE62F3B4829F}
		{CEF5C01E-2B1E-4A45-A86C-2D33FEC39D1B} = {A199D52E-8741-45F3-ABCB-CE62F3B4829F}
		{D37BB74D-CD78-4A99-B7B5-E9A837EFF2C8} = {A199D52E-8741-45F3-ABCB-CE62F3B4829F}
		{24688949-0EAA-4A56-AC6E-6DA790C74DF9} = {A199D52E-8741-45F3-ABCB-CE62F3B4829F}
		{599871C8-BA30-45EA-8BF8-55017F3AFE03} = {78AFA3DF-F06F-406F-859F-552B1A6B45F7}
		{629DCEC3-737F-4C59-89AF-0F29F1CCD7FD} = {78AFA3DF-F06F-406F-859F-552B1A6B45F7}
		{F5F84543-63A6-48C8-8BED-F12822D42199} = {78AFA3DF-F06F-406F-859F-552B1A6B45F7}
		{7E24BBA9-4FD3-410D-8ADE-DE8741239C3D} = {8FB51E4E-BC28-451D-A2E2-C5D8BCA2D831}
		{55970F85-0EAE-4314-8E69-42683A0EFF8F} = {8FB51E4E-BC28-451D-A2E2-C5D8BCA2D831}
		{E1963A17-5F1A-47BD-B106-10D8FAC697B8} = {8FB51E4E-BC28-451D-A2E2-C5D8BCA2D831}
		{E0BB59B5-50CF-4BE2-9A55-9A97A7F5DCB8} = {8FB51E4E-BC28-451D-A2E2-C5D8BCA2D831}
		{B420C8B9-A317-4BC9-B5D7-0FD9E8A975B1} = {78AFA3DF-F06F-406F-859F-552B1A6B45F7}
		{A7631126-3889-4125-8DCD-4DF2AFC5C8F8} = {78AFA3DF-F06F-406F-859F-552B1A6B45F7}
		{48DFA014-A82D-437E-8C77-634989A3370D} = {78AFA3DF-F06F-406F-859F-552B1A6B45F7}
		{1D8A8333-65B7-424C-979F-EECC75C667F7} = {78AFA3DF-F06F-406F-859F-552B1A6B45F7}
		{5F616324-E957-4EB1-872C-A6C5C6CCAB81} = {78AFA3DF-F06F-406F-859F-552B1A6B45F7}
		{13038501-F5E3-9813-86F6-E6E8C6A56A52} = {D95951C7-4A05-4729-8DE9-B87A4F3D686A}
		{F768EE3D-0C0C-4CF0-B9E8-83F413C36BBC} = {13038501-F5E3-9813-86F6-E6E8C6A56A52}
		{B8439429-3CFE-49A6-B17F-A88550EECB3E} = {13038501-F5E3-9813-86F6-E6E8C6A56A52}
		{FED07881-0CC8-439E-8EDE-6257B0A56226} = {13038501-F5E3-9813-86F6-E6E8C6A56A52}
		{753EC4E8-8960-4D4E-B357-9FD4675501EF} = {13038501-F5E3-9813-86F6-E6E8C6A56A52}
		{DC8E07E6-7DB0-4662-94B7-9FEFE99FAFF9} = {78AFA3DF-F06F-406F-859F-552B1A6B45F7}
		{7A514102-D228-45F9-8143-A8CD697AC0CA} = {78AFA3DF-F06F-406F-859F-552B1A6B45F7}
		{BE4E49E3-0182-490D-0D67-0321D3C7A77B} = {78AFA3DF-F06F-406F-859F-552B1A6B45F7}
		{6B9C41E7-ADD2-36A6-ED57-2E274FAC7CEB} = {D95951C7-4A05-4729-8DE9-B87A4F3D686A}
		{154AA5F1-C1E5-4BE4-83A5-FA37EB88544D} = {6B9C41E7-ADD2-36A6-ED57-2E274FAC7CEB}
		{296205DA-013F-4566-A576-2FCE725253F3} = {6B9C41E7-ADD2-36A6-ED57-2E274FAC7CEB}
		{B757CD6C-9DC8-40AB-96F2-D87697855E29} = {6B9C41E7-ADD2-36A6-ED57-2E274FAC7CEB}
		{7D9C44FB-4DED-4AA2-8064-FEBA73A871E1} = {6B9C41E7-ADD2-36A6-ED57-2E274FAC7CEB}
		{E06C81B4-7215-F21A-84B6-DBE5F2E50390} = {0AB3BF05-4346-4AA6-1389-037BE0695223}
		{72FD22BC-B029-4D71-A385-C80F16FB5B25} = {E06C81B4-7215-F21A-84B6-DBE5F2E50390}
		{3B76D2DA-8015-4303-BF39-9A46DCC51540} = {E06C81B4-7215-F21A-84B6-DBE5F2E50390}
		{A7824D4B-DF89-4CF8-9E84-A581856BF090} = {E06C81B4-7215-F21A-84B6-DBE5F2E50390}
		{A94D34AC-D6E3-473B-B693-CE9B982554D2} = {E06C81B4-7215-F21A-84B6-DBE5F2E50390}
		{84603207-9693-E345-0AE1-B6E19CC18FA3} = {0AB3BF05-4346-4AA6-1389-037BE0695223}
		{E54CD51F-3326-471C-9C06-5D198A5F837F} = {84603207-9693-E345-0AE1-B6E19CC18FA3}
		{2F4C5C7A-426B-4864-9001-73AA4B1E19F7} = {84603207-9693-E345-0AE1-B6E19CC18FA3}
		{A1970C12-75E5-47D4-A4A1-D4CC42369A0C} = {84603207-9693-E345-0AE1-B6E19CC18FA3}
		{9A4CA371-DBCD-4BC2-8BB8-4D197E7FDD6C} = {84603207-9693-E345-0AE1-B6E19CC18FA3}
		{BA37B92D-EDF7-84AB-A3F4-B967D2456D05} = {0AB3BF05-4346-4AA6-1389-037BE0695223}
		{F4D4BB91-061F-4207-9D79-293F4A60A299} = {BA37B92D-EDF7-84AB-A3F4-B967D2456D05}
		{2AEC4EEE-B227-43B8-A519-CFEE3C3ABBB9} = {BA37B92D-EDF7-84AB-A3F4-B967D2456D05}
		{E5D4651C-4292-4EC7-8D2B-60E10C0EA271} = {BA37B92D-EDF7-84AB-A3F4-B967D2456D05}
		{8323F4F2-5747-4067-96B6-EE9402A9D13B} = {BA37B92D-EDF7-84AB-A3F4-B967D2456D05}
		{E670B6F7-29ED-71B1-5E9E-1035487F9CD5} = {0AB3BF05-4346-4AA6-1389-037BE0695223}
		{9D9CD05A-9A57-4CC6-8AE1-65E50E95B6C3} = {E670B6F7-29ED-71B1-5E9E-1035487F9CD5}
		{770D4BA4-4005-4F32-8C97-D3FAC59C78A5} = {E670B6F7-29ED-71B1-5E9E-1035487F9CD5}
		{5B8B0DAF-592A-41E4-8223-3D28860DBC25} = {E670B6F7-29ED-71B1-5E9E-1035487F9CD5}
		{F71012BE-D3AE-4808-9DC2-902B8893EB6E} = {E670B6F7-29ED-71B1-5E9E-1035487F9CD5}
		{A9AA7BF3-C5D7-BA84-06B2-2242E0D2D19B} = {0AB3BF05-4346-4AA6-1389-037BE0695223}
		{2C60BB53-985F-4CFA-A3A3-FA3B700A34EC} = {A9AA7BF3-C5D7-BA84-06B2-2242E0D2D19B}
		{3989EA08-B0AD-4006-9808-CF08E5FD6E2A} = {0AB3BF05-4346-4AA6-1389-037BE0695223}
		{D4655804-09FE-E6CD-A2B7-DA1AF66489D7} = {A9AA7BF3-C5D7-BA84-06B2-2242E0D2D19B}
		{F77DFB1E-45C5-1DCF-6FE3-BE467D9600E6} = {A9AA7BF3-C5D7-BA84-06B2-2242E0D2D19B}
		{56357FAF-7E50-38FC-06AF-9B51C7D1D8F3} = {A9AA7BF3-C5D7-BA84-06B2-2242E0D2D19B}
		{AC726486-C8BD-E955-8904-B2D4E67D357C} = {A9AA7BF3-C5D7-BA84-06B2-2242E0D2D19B}
		{4576E3AE-3D6F-4736-AF98-40BCCB4DD0C2} = {3989EA08-B0AD-4006-9808-CF08E5FD6E2A}
		{E8E588E9-86BD-47BE-A7F2-253C162AF207} = {3989EA08-B0AD-4006-9808-CF08E5FD6E2A}
		{05EB386F-1F93-4977-94F2-CC41AF5C7D62} = {3989EA08-B0AD-4006-9808-CF08E5FD6E2A}
		{B560F303-3E58-4AF8-A7CC-F786AC0A220D} = {3989EA08-B0AD-4006-9808-CF08E5FD6E2A}
		{87B56B9E-4EEF-40F4-94D3-472B93433747} = {3989EA08-B0AD-4006-9808-CF08E5FD6E2A}
		{85B408A9-2BCF-4A21-BB09-F14CE13B46DE} = {0AB3BF05-4346-4AA6-1389-037BE0695223}
		{F081ED58-5B44-43B0-9385-CDB82BAD1D11} = {85B408A9-2BCF-4A21-BB09-F14CE13B46DE}
		{1EE55AA6-DC54-478F-828C-1703285FC478} = {85B408A9-2BCF-4A21-BB09-F14CE13B46DE}
		{552A370D-DB66-46A4-88FD-8F83AE7C28DD} = {85B408A9-2BCF-4A21-BB09-F14CE13B46DE}
		{BCB87A84-60EB-4DE4-BA9B-2775992ACF82} = {85B408A9-2BCF-4A21-BB09-F14CE13B46DE}
		{81F9B0B5-72A8-438D-86AE-81C2716D19A4} = {85B408A9-2BCF-4A21-BB09-F14CE13B46DE}
		{75414AE7-0D87-43E2-8A17-B50FB89839AB} = {85B408A9-2BCF-4A21-BB09-F14CE13B46DE}
		{F10D459E-77E8-4A44-BA00-2E52AF8EE9B2} = {85B408A9-2BCF-4A21-BB09-F14CE13B46DE}
		{D318263A-7943-4790-B32C-B28A65B34B3D} = {85B408A9-2BCF-4A21-BB09-F14CE13B46DE}
		{4F7FF74F-93E0-4702-A995-A4C81B066245} = {E06C81B4-7215-F21A-84B6-DBE5F2E50390}
		{98169D5E-B38E-4B95-94EF-CAB7A276A3D5} = {84603207-9693-E345-0AE1-B6E19CC18FA3}
		{EE30CDA7-93EA-4B2A-A767-BE66417C932C} = {BA37B92D-EDF7-84AB-A3F4-B967D2456D05}
		{832E3451-A25E-41EC-AFF8-8354A588CC6A} = {E670B6F7-29ED-71B1-5E9E-1035487F9CD5}
	EndGlobalSection
	GlobalSection(ExtensibilityGlobals) = postSolution
		SolutionGuid = {75B59449-3312-473A-8A26-0399CC2FE489}
	EndGlobalSection
EndGlobal
